// !$*UTF8*$!
{
	archiveVersion = 1;
	classes = {
	};
	objectVersion = 51;
	objects = {

/* Begin PBXBuildFile section */
		24120E82255396940028DC38 /* SubWebViewController.m in Sources */ = {isa = PBXBuildFile; fileRef = 24120E80255396940028DC38 /* SubWebViewController.m */; };
		24120E83255396940028DC38 /* SubWebViewController.xib in Resources */ = {isa = PBXBuildFile; fileRef = 24120E81255396940028DC38 /* SubWebViewController.xib */; };
		24120F152553C2BB0028DC38 /* LOTRenderNode.m in Sources */ = {isa = PBXBuildFile; fileRef = 24120E892553C2BB0028DC38 /* LOTRenderNode.m */; };
		24120F162553C2BB0028DC38 /* LOTTrimPathNode.m in Sources */ = {isa = PBXBuildFile; fileRef = 24120E8E2553C2BB0028DC38 /* LOTTrimPathNode.m */; };
		24120F172553C2BB0028DC38 /* LOTColorInterpolator.m in Sources */ = {isa = PBXBuildFile; fileRef = 24120E902553C2BB0028DC38 /* LOTColorInterpolator.m */; };
		24120F182553C2BB0028DC38 /* LOTPathInterpolator.m in Sources */ = {isa = PBXBuildFile; fileRef = 24120E912553C2BB0028DC38 /* LOTPathInterpolator.m */; };
		24120F192553C2BB0028DC38 /* LOTSizeInterpolator.m in Sources */ = {isa = PBXBuildFile; fileRef = 24120E992553C2BB0028DC38 /* LOTSizeInterpolator.m */; };
		24120F1A2553C2BB0028DC38 /* LOTPointInterpolator.m in Sources */ = {isa = PBXBuildFile; fileRef = 24120E9B2553C2BB0028DC38 /* LOTPointInterpolator.m */; };
		24120F1B2553C2BB0028DC38 /* LOTValueInterpolator.m in Sources */ = {isa = PBXBuildFile; fileRef = 24120E9C2553C2BB0028DC38 /* LOTValueInterpolator.m */; };
		24120F1C2553C2BB0028DC38 /* LOTTransformInterpolator.m in Sources */ = {isa = PBXBuildFile; fileRef = 24120E9D2553C2BB0028DC38 /* LOTTransformInterpolator.m */; };
		24120F1D2553C2BB0028DC38 /* LOTArrayInterpolator.m in Sources */ = {isa = PBXBuildFile; fileRef = 24120E9E2553C2BB0028DC38 /* LOTArrayInterpolator.m */; };
		24120F1E2553C2BB0028DC38 /* LOTNumberInterpolator.m in Sources */ = {isa = PBXBuildFile; fileRef = 24120E9F2553C2BB0028DC38 /* LOTNumberInterpolator.m */; };
		24120F1F2553C2BB0028DC38 /* LOTAnimatorNode.m in Sources */ = {isa = PBXBuildFile; fileRef = 24120EA02553C2BB0028DC38 /* LOTAnimatorNode.m */; };
		24120F202553C2BB0028DC38 /* LOTPathAnimator.m in Sources */ = {isa = PBXBuildFile; fileRef = 24120EA22553C2BB0028DC38 /* LOTPathAnimator.m */; };
		24120F212553C2BB0028DC38 /* LOTPolystarAnimator.m in Sources */ = {isa = PBXBuildFile; fileRef = 24120EA32553C2BB0028DC38 /* LOTPolystarAnimator.m */; };
		24120F222553C2BB0028DC38 /* LOTPolygonAnimator.m in Sources */ = {isa = PBXBuildFile; fileRef = 24120EA42553C2BB0028DC38 /* LOTPolygonAnimator.m */; };
		24120F232553C2BB0028DC38 /* LOTCircleAnimator.m in Sources */ = {isa = PBXBuildFile; fileRef = 24120EA62553C2BB0028DC38 /* LOTCircleAnimator.m */; };
		24120F242553C2BB0028DC38 /* LOTRoundedRectAnimator.m in Sources */ = {isa = PBXBuildFile; fileRef = 24120EAA2553C2BB0028DC38 /* LOTRoundedRectAnimator.m */; };
		24120F252553C2BB0028DC38 /* LOTRenderGroup.m in Sources */ = {isa = PBXBuildFile; fileRef = 24120EAD2553C2BB0028DC38 /* LOTRenderGroup.m */; };
		24120F262553C2BB0028DC38 /* LOTGradientFillRender.m in Sources */ = {isa = PBXBuildFile; fileRef = 24120EAE2553C2BB0028DC38 /* LOTGradientFillRender.m */; };
		24120F272553C2BB0028DC38 /* LOTStrokeRenderer.m in Sources */ = {isa = PBXBuildFile; fileRef = 24120EB32553C2BB0028DC38 /* LOTStrokeRenderer.m */; };
		24120F282553C2BB0028DC38 /* LOTFillRenderer.m in Sources */ = {isa = PBXBuildFile; fileRef = 24120EB42553C2BB0028DC38 /* LOTFillRenderer.m */; };
		24120F292553C2BB0028DC38 /* LOTRepeaterRenderer.m in Sources */ = {isa = PBXBuildFile; fileRef = 24120EB62553C2BB0028DC38 /* LOTRepeaterRenderer.m */; };
		24120F2A2553C2BB0028DC38 /* UIBezierPath.m in Sources */ = {isa = PBXBuildFile; fileRef = 24120EB92553C2BB0028DC38 /* UIBezierPath.m */; };
		24120F2B2553C2BB0028DC38 /* UIColor.m in Sources */ = {isa = PBXBuildFile; fileRef = 24120EBC2553C2BB0028DC38 /* UIColor.m */; };
		24120F2C2553C2BB0028DC38 /* NSValue+Compat.m in Sources */ = {isa = PBXBuildFile; fileRef = 24120EBF2553C2BB0028DC38 /* NSValue+Compat.m */; };
		24120F2D2553C2BB0028DC38 /* CALayer+Compat.m in Sources */ = {isa = PBXBuildFile; fileRef = 24120EC02553C2BB0028DC38 /* CALayer+Compat.m */; };
		24120F2E2553C2BB0028DC38 /* LOTMask.m in Sources */ = {isa = PBXBuildFile; fileRef = 24120EC22553C2BB0028DC38 /* LOTMask.m */; };
		24120F2F2553C2BB0028DC38 /* LOTLayer.m in Sources */ = {isa = PBXBuildFile; fileRef = 24120EC32553C2BB0028DC38 /* LOTLayer.m */; };
		24120F302553C2BB0028DC38 /* LOTAssetGroup.m in Sources */ = {isa = PBXBuildFile; fileRef = 24120EC42553C2BB0028DC38 /* LOTAssetGroup.m */; };
		24120F312553C2BB0028DC38 /* LOTLayerGroup.m in Sources */ = {isa = PBXBuildFile; fileRef = 24120EC92553C2BB0028DC38 /* LOTLayerGroup.m */; };
		24120F322553C2BB0028DC38 /* LOTShapeStar.m in Sources */ = {isa = PBXBuildFile; fileRef = 24120ECA2553C2BB0028DC38 /* LOTShapeStar.m */; };
		24120F332553C2BB0028DC38 /* LOTShapeTrimPath.m in Sources */ = {isa = PBXBuildFile; fileRef = 24120ECB2553C2BB0028DC38 /* LOTShapeTrimPath.m */; };
		24120F342553C2BB0028DC38 /* LOTShapeGradientFill.m in Sources */ = {isa = PBXBuildFile; fileRef = 24120ECF2553C2BB0028DC38 /* LOTShapeGradientFill.m */; };
		24120F352553C2BB0028DC38 /* LOTAsset.m in Sources */ = {isa = PBXBuildFile; fileRef = 24120ED22553C2BB0028DC38 /* LOTAsset.m */; };
		24120F362553C2BB0028DC38 /* LOTShapeRepeater.m in Sources */ = {isa = PBXBuildFile; fileRef = 24120ED42553C2BB0028DC38 /* LOTShapeRepeater.m */; };
		24120F372553C2BB0028DC38 /* LOTShapeRectangle.m in Sources */ = {isa = PBXBuildFile; fileRef = 24120ED62553C2BB0028DC38 /* LOTShapeRectangle.m */; };
		24120F382553C2BB0028DC38 /* LOTShapeCircle.m in Sources */ = {isa = PBXBuildFile; fileRef = 24120EDB2553C2BB0028DC38 /* LOTShapeCircle.m */; };
		24120F392553C2BB0028DC38 /* LOTShapePath.m in Sources */ = {isa = PBXBuildFile; fileRef = 24120EDC2553C2BB0028DC38 /* LOTShapePath.m */; };
		24120F3A2553C2BB0028DC38 /* LOTShapeGroup.m in Sources */ = {isa = PBXBuildFile; fileRef = 24120EDD2553C2BB0028DC38 /* LOTShapeGroup.m */; };
		24120F3B2553C2BB0028DC38 /* LOTShapeFill.m in Sources */ = {isa = PBXBuildFile; fileRef = 24120EDF2553C2BB0028DC38 /* LOTShapeFill.m */; };
		24120F3C2553C2BB0028DC38 /* LOTShapeTransform.m in Sources */ = {isa = PBXBuildFile; fileRef = 24120EE02553C2BB0028DC38 /* LOTShapeTransform.m */; };
		24120F3D2553C2BB0028DC38 /* LOTShapeStroke.m in Sources */ = {isa = PBXBuildFile; fileRef = 24120EE22553C2BB0028DC38 /* LOTShapeStroke.m */; };
		24120F3E2553C2BB0028DC38 /* CGGeometry+LOTAdditions.m in Sources */ = {isa = PBXBuildFile; fileRef = 24120EE62553C2BB0028DC38 /* CGGeometry+LOTAdditions.m */; };
		24120F3F2553C2BB0028DC38 /* LOTBezierPath.m in Sources */ = {isa = PBXBuildFile; fileRef = 24120EE72553C2BB0028DC38 /* LOTBezierPath.m */; };
		24120F402553C2BB0028DC38 /* LOTRadialGradientLayer.m in Sources */ = {isa = PBXBuildFile; fileRef = 24120EE92553C2BB0028DC38 /* LOTRadialGradientLayer.m */; };
		24120F412553C2BB0028DC38 /* UIColor+Expanded.m in Sources */ = {isa = PBXBuildFile; fileRef = 24120EEC2553C2BB0028DC38 /* UIColor+Expanded.m */; };
		24120F422553C2BB0028DC38 /* LOTAnimationCache.m in Sources */ = {isa = PBXBuildFile; fileRef = 24120EEE2553C2BB0028DC38 /* LOTAnimationCache.m */; };
		24120F432553C2BB0028DC38 /* LOTComposition.m in Sources */ = {isa = PBXBuildFile; fileRef = 24120EEF2553C2BB0028DC38 /* LOTComposition.m */; };
		24120F442553C2BB0028DC38 /* LOTValueCallback.m in Sources */ = {isa = PBXBuildFile; fileRef = 24120EF02553C2BB0028DC38 /* LOTValueCallback.m */; };
		24120F452553C2BB0028DC38 /* LOTBlockCallback.m in Sources */ = {isa = PBXBuildFile; fileRef = 24120EF12553C2BB0028DC38 /* LOTBlockCallback.m */; };
		24120F462553C2BB0028DC38 /* LOTAnimationView.m in Sources */ = {isa = PBXBuildFile; fileRef = 24120EF22553C2BB0028DC38 /* LOTAnimationView.m */; };
		24120F472553C2BB0028DC38 /* LOTAnimationTransitionController.m in Sources */ = {isa = PBXBuildFile; fileRef = 24120EF32553C2BB0028DC38 /* LOTAnimationTransitionController.m */; };
		24120F482553C2BB0028DC38 /* LOTKeypath.m in Sources */ = {isa = PBXBuildFile; fileRef = 24120EF52553C2BB0028DC38 /* LOTKeypath.m */; };
		24120F492553C2BB0028DC38 /* LOTCacheProvider.m in Sources */ = {isa = PBXBuildFile; fileRef = 24120EF62553C2BB0028DC38 /* LOTCacheProvider.m */; };
		24120F4A2553C2BB0028DC38 /* LOTAnimatedControl.m in Sources */ = {isa = PBXBuildFile; fileRef = 24120EF72553C2BB0028DC38 /* LOTAnimatedControl.m */; };
		24120F4B2553C2BB0028DC38 /* LOTInterpolatorCallback.m in Sources */ = {isa = PBXBuildFile; fileRef = 24120EF82553C2BB0028DC38 /* LOTInterpolatorCallback.m */; };
		24120F4C2553C2BB0028DC38 /* LOTAnimatedSwitch.m in Sources */ = {isa = PBXBuildFile; fileRef = 24120EF92553C2BB0028DC38 /* LOTAnimatedSwitch.m */; };
		24120F4D2553C2BB0028DC38 /* LOTKeyframe.m in Sources */ = {isa = PBXBuildFile; fileRef = 24120EFB2553C2BB0028DC38 /* LOTKeyframe.m */; };
		24120F4E2553C2BB0028DC38 /* LOTBezierData.m in Sources */ = {isa = PBXBuildFile; fileRef = 24120EFC2553C2BB0028DC38 /* LOTBezierData.m */; };
		24120F4F2553C2BB0028DC38 /* LOTLayerContainer.m in Sources */ = {isa = PBXBuildFile; fileRef = 24120F002553C2BB0028DC38 /* LOTLayerContainer.m */; };
		24120F502553C2BB0028DC38 /* LOTCompositionContainer.m in Sources */ = {isa = PBXBuildFile; fileRef = 24120F042553C2BB0028DC38 /* LOTCompositionContainer.m */; };
		24120F512553C2BB0028DC38 /* LOTMaskContainer.m in Sources */ = {isa = PBXBuildFile; fileRef = 24120F052553C2BB0028DC38 /* LOTMaskContainer.m */; };
		24120F562553C35F0028DC38 /* LoadingView.xib in Resources */ = {isa = PBXBuildFile; fileRef = 24120F552553C35F0028DC38 /* LoadingView.xib */; };
		24120F5A2553C3990028DC38 /* LoadingView.m in Sources */ = {isa = PBXBuildFile; fileRef = 24120F592553C3990028DC38 /* LoadingView.m */; };
		24120F612553CD6F0028DC38 /* IntroLoader.json in Resources */ = {isa = PBXBuildFile; fileRef = 24120F5F2553CD6F0028DC38 /* IntroLoader.json */; };
		24120F622553CD6F0028DC38 /* FullLoader.json in Resources */ = {isa = PBXBuildFile; fileRef = 24120F602553CD6F0028DC38 /* FullLoader.json */; };
		24120F672553DD400028DC38 /* MainNaviViewController.m in Sources */ = {isa = PBXBuildFile; fileRef = 24120F652553DD400028DC38 /* MainNaviViewController.m */; };
		24120F682553DD400028DC38 /* MainNaviViewController.xib in Resources */ = {isa = PBXBuildFile; fileRef = 24120F662553DD400028DC38 /* MainNaviViewController.xib */; };
		2417D1B725513CA80083AAF3 /* SideMenuViewController.m in Sources */ = {isa = PBXBuildFile; fileRef = 2417D1B525513CA80083AAF3 /* SideMenuViewController.m */; };
		2417D1B825513CA80083AAF3 /* SideMenuViewController.xib in Resources */ = {isa = PBXBuildFile; fileRef = 2417D1B625513CA80083AAF3 /* SideMenuViewController.xib */; };
		2433F1EF2552284E00A61946 /* SideMenuContentCell.m in Sources */ = {isa = PBXBuildFile; fileRef = 2433F1ED2552284E00A61946 /* SideMenuContentCell.m */; };
		2433F1F02552284E00A61946 /* SideMenuContentCell.xib in Resources */ = {isa = PBXBuildFile; fileRef = 2433F1EE2552284E00A61946 /* SideMenuContentCell.xib */; };
		2433F1F4255239B600A61946 /* AdminMenuItem.m in Sources */ = {isa = PBXBuildFile; fileRef = 2433F1F3255239B600A61946 /* AdminMenuItem.m */; };
		2433F1F8255239CE00A61946 /* ProjectManagementItem.m in Sources */ = {isa = PBXBuildFile; fileRef = 2433F1F7255239CE00A61946 /* ProjectManagementItem.m */; };
		2433F20A2552972600A61946 /* InitData.json in Resources */ = {isa = PBXBuildFile; fileRef = 2433F2092552972600A61946 /* InitData.json */; };
		243F9BFB254A8672002F52A6 /* AppDelegate.m in Sources */ = {isa = PBXBuildFile; fileRef = 243F9BFA254A8672002F52A6 /* AppDelegate.m */; };
		243F9C01254A8672002F52A6 /* ViewController.m in Sources */ = {isa = PBXBuildFile; fileRef = 243F9C00254A8672002F52A6 /* ViewController.m */; };
		243F9C04254A8672002F52A6 /* Main.storyboard in Resources */ = {isa = PBXBuildFile; fileRef = 243F9C02254A8672002F52A6 /* Main.storyboard */; };
		243F9C07254A8672002F52A6 /* bnk_sales_support.xcdatamodeld in Sources */ = {isa = PBXBuildFile; fileRef = 243F9C05254A8672002F52A6 /* bnk_sales_support.xcdatamodeld */; };
		243F9C09254A8674002F52A6 /* Assets.xcassets in Resources */ = {isa = PBXBuildFile; fileRef = 243F9C08254A8674002F52A6 /* Assets.xcassets */; };
		243F9C0C254A8674002F52A6 /* LaunchScreen.storyboard in Resources */ = {isa = PBXBuildFile; fileRef = 243F9C0A254A8674002F52A6 /* LaunchScreen.storyboard */; };
		243F9C0F254A8674002F52A6 /* main.m in Sources */ = {isa = PBXBuildFile; fileRef = 243F9C0E254A8674002F52A6 /* main.m */; };
		243F9C20254A9511002F52A6 /* WebViewController.m in Sources */ = {isa = PBXBuildFile; fileRef = 243F9C1E254A9511002F52A6 /* WebViewController.m */; };
		243F9C21254A9511002F52A6 /* WebViewController.xib in Resources */ = {isa = PBXBuildFile; fileRef = 243F9C1F254A9511002F52A6 /* WebViewController.xib */; };
		247D255C254AA04C00100997 /* IntroViewController.m in Sources */ = {isa = PBXBuildFile; fileRef = 247D255A254AA04C00100997 /* IntroViewController.m */; };
		247D255D254AA04C00100997 /* IntroViewController.xib in Resources */ = {isa = PBXBuildFile; fileRef = 247D255B254AA04C00100997 /* IntroViewController.xib */; };
		247D2565254AA1AD00100997 /* TestViewController.m in Sources */ = {isa = PBXBuildFile; fileRef = 247D2563254AA1AD00100997 /* TestViewController.m */; };
		247D2566254AA1AD00100997 /* TestViewController.xib in Resources */ = {isa = PBXBuildFile; fileRef = 247D2564254AA1AD00100997 /* TestViewController.xib */; };
		24BE34F8254FEA750072CFED /* NetworkManager.m in Sources */ = {isa = PBXBuildFile; fileRef = 24BE34F7254FEA750072CFED /* NetworkManager.m */; };
		24BE34FC254FF9170072CFED /* CommonUtil.m in Sources */ = {isa = PBXBuildFile; fileRef = 24BE34FB254FF9170072CFED /* CommonUtil.m */; };
		7D2637C501872722B6E52EED /* Pods_bnk_sales_support.framework in Frameworks */ = {isa = PBXBuildFile; fileRef = 31F9293D9503A3DB19911005 /* Pods_bnk_sales_support.framework */; };
/* End PBXBuildFile section */

/* Begin PBXFileReference section */
		181B138813F28461324BFB10 /* Pods-bnk-sales-support.debug.xcconfig */ = {isa = PBXFileReference; includeInIndex = 1; lastKnownFileType = text.xcconfig; name = "Pods-bnk-sales-support.debug.xcconfig"; path = "Target Support Files/Pods-bnk-sales-support/Pods-bnk-sales-support.debug.xcconfig"; sourceTree = "<group>"; };
		24120E7F255396940028DC38 /* SubWebViewController.h */ = {isa = PBXFileReference; lastKnownFileType = sourcecode.c.h; path = SubWebViewController.h; sourceTree = "<group>"; };
		24120E80255396940028DC38 /* SubWebViewController.m */ = {isa = PBXFileReference; lastKnownFileType = sourcecode.c.objc; path = SubWebViewController.m; sourceTree = "<group>"; };
		24120E81255396940028DC38 /* SubWebViewController.xib */ = {isa = PBXFileReference; lastKnownFileType = file.xib; path = SubWebViewController.xib; sourceTree = "<group>"; };
		24120E892553C2BB0028DC38 /* LOTRenderNode.m */ = {isa = PBXFileReference; fileEncoding = 4; lastKnownFileType = sourcecode.c.objc; path = LOTRenderNode.m; sourceTree = "<group>"; };
		24120E8A2553C2BB0028DC38 /* LOTAnimatorNode.h */ = {isa = PBXFileReference; fileEncoding = 4; lastKnownFileType = sourcecode.c.h; path = LOTAnimatorNode.h; sourceTree = "<group>"; };
		24120E8B2553C2BB0028DC38 /* LOTRenderNode.h */ = {isa = PBXFileReference; fileEncoding = 4; lastKnownFileType = sourcecode.c.h; path = LOTRenderNode.h; sourceTree = "<group>"; };
		24120E8D2553C2BB0028DC38 /* LOTTrimPathNode.h */ = {isa = PBXFileReference; fileEncoding = 4; lastKnownFileType = sourcecode.c.h; path = LOTTrimPathNode.h; sourceTree = "<group>"; };
		24120E8E2553C2BB0028DC38 /* LOTTrimPathNode.m */ = {isa = PBXFileReference; fileEncoding = 4; lastKnownFileType = sourcecode.c.objc; path = LOTTrimPathNode.m; sourceTree = "<group>"; };
		24120E902553C2BB0028DC38 /* LOTColorInterpolator.m */ = {isa = PBXFileReference; fileEncoding = 4; lastKnownFileType = sourcecode.c.objc; path = LOTColorInterpolator.m; sourceTree = "<group>"; };
		24120E912553C2BB0028DC38 /* LOTPathInterpolator.m */ = {isa = PBXFileReference; fileEncoding = 4; lastKnownFileType = sourcecode.c.objc; path = LOTPathInterpolator.m; sourceTree = "<group>"; };
		24120E922553C2BB0028DC38 /* LOTSizeInterpolator.h */ = {isa = PBXFileReference; fileEncoding = 4; lastKnownFileType = sourcecode.c.h; path = LOTSizeInterpolator.h; sourceTree = "<group>"; };
		24120E932553C2BB0028DC38 /* LOTValueInterpolator.h */ = {isa = PBXFileReference; fileEncoding = 4; lastKnownFileType = sourcecode.c.h; path = LOTValueInterpolator.h; sourceTree = "<group>"; };
		24120E942553C2BB0028DC38 /* LOTPointInterpolator.h */ = {isa = PBXFileReference; fileEncoding = 4; lastKnownFileType = sourcecode.c.h; path = LOTPointInterpolator.h; sourceTree = "<group>"; };
		24120E952553C2BB0028DC38 /* LOTNumberInterpolator.h */ = {isa = PBXFileReference; fileEncoding = 4; lastKnownFileType = sourcecode.c.h; path = LOTNumberInterpolator.h; sourceTree = "<group>"; };
		24120E962553C2BB0028DC38 /* LOTTransformInterpolator.h */ = {isa = PBXFileReference; fileEncoding = 4; lastKnownFileType = sourcecode.c.h; path = LOTTransformInterpolator.h; sourceTree = "<group>"; };
		24120E972553C2BB0028DC38 /* LOTArrayInterpolator.h */ = {isa = PBXFileReference; fileEncoding = 4; lastKnownFileType = sourcecode.c.h; path = LOTArrayInterpolator.h; sourceTree = "<group>"; };
		24120E982553C2BB0028DC38 /* LOTColorInterpolator.h */ = {isa = PBXFileReference; fileEncoding = 4; lastKnownFileType = sourcecode.c.h; path = LOTColorInterpolator.h; sourceTree = "<group>"; };
		24120E992553C2BB0028DC38 /* LOTSizeInterpolator.m */ = {isa = PBXFileReference; fileEncoding = 4; lastKnownFileType = sourcecode.c.objc; path = LOTSizeInterpolator.m; sourceTree = "<group>"; };
		24120E9A2553C2BB0028DC38 /* LOTPathInterpolator.h */ = {isa = PBXFileReference; fileEncoding = 4; lastKnownFileType = sourcecode.c.h; path = LOTPathInterpolator.h; sourceTree = "<group>"; };
		24120E9B2553C2BB0028DC38 /* LOTPointInterpolator.m */ = {isa = PBXFileReference; fileEncoding = 4; lastKnownFileType = sourcecode.c.objc; path = LOTPointInterpolator.m; sourceTree = "<group>"; };
		24120E9C2553C2BB0028DC38 /* LOTValueInterpolator.m */ = {isa = PBXFileReference; fileEncoding = 4; lastKnownFileType = sourcecode.c.objc; path = LOTValueInterpolator.m; sourceTree = "<group>"; };
		24120E9D2553C2BB0028DC38 /* LOTTransformInterpolator.m */ = {isa = PBXFileReference; fileEncoding = 4; lastKnownFileType = sourcecode.c.objc; path = LOTTransformInterpolator.m; sourceTree = "<group>"; };
		24120E9E2553C2BB0028DC38 /* LOTArrayInterpolator.m */ = {isa = PBXFileReference; fileEncoding = 4; lastKnownFileType = sourcecode.c.objc; path = LOTArrayInterpolator.m; sourceTree = "<group>"; };
		24120E9F2553C2BB0028DC38 /* LOTNumberInterpolator.m */ = {isa = PBXFileReference; fileEncoding = 4; lastKnownFileType = sourcecode.c.objc; path = LOTNumberInterpolator.m; sourceTree = "<group>"; };
		24120EA02553C2BB0028DC38 /* LOTAnimatorNode.m */ = {isa = PBXFileReference; fileEncoding = 4; lastKnownFileType = sourcecode.c.objc; path = LOTAnimatorNode.m; sourceTree = "<group>"; };
		24120EA22553C2BB0028DC38 /* LOTPathAnimator.m */ = {isa = PBXFileReference; fileEncoding = 4; lastKnownFileType = sourcecode.c.objc; path = LOTPathAnimator.m; sourceTree = "<group>"; };
		24120EA32553C2BB0028DC38 /* LOTPolystarAnimator.m */ = {isa = PBXFileReference; fileEncoding = 4; lastKnownFileType = sourcecode.c.objc; path = LOTPolystarAnimator.m; sourceTree = "<group>"; };
		24120EA42553C2BB0028DC38 /* LOTPolygonAnimator.m */ = {isa = PBXFileReference; fileEncoding = 4; lastKnownFileType = sourcecode.c.objc; path = LOTPolygonAnimator.m; sourceTree = "<group>"; };
		24120EA52553C2BB0028DC38 /* LOTRoundedRectAnimator.h */ = {isa = PBXFileReference; fileEncoding = 4; lastKnownFileType = sourcecode.c.h; path = LOTRoundedRectAnimator.h; sourceTree = "<group>"; };
		24120EA62553C2BB0028DC38 /* LOTCircleAnimator.m */ = {isa = PBXFileReference; fileEncoding = 4; lastKnownFileType = sourcecode.c.objc; path = LOTCircleAnimator.m; sourceTree = "<group>"; };
		24120EA72553C2BB0028DC38 /* LOTPolystarAnimator.h */ = {isa = PBXFileReference; fileEncoding = 4; lastKnownFileType = sourcecode.c.h; path = LOTPolystarAnimator.h; sourceTree = "<group>"; };
		24120EA82553C2BB0028DC38 /* LOTPathAnimator.h */ = {isa = PBXFileReference; fileEncoding = 4; lastKnownFileType = sourcecode.c.h; path = LOTPathAnimator.h; sourceTree = "<group>"; };
		24120EA92553C2BB0028DC38 /* LOTCircleAnimator.h */ = {isa = PBXFileReference; fileEncoding = 4; lastKnownFileType = sourcecode.c.h; path = LOTCircleAnimator.h; sourceTree = "<group>"; };
		24120EAA2553C2BB0028DC38 /* LOTRoundedRectAnimator.m */ = {isa = PBXFileReference; fileEncoding = 4; lastKnownFileType = sourcecode.c.objc; path = LOTRoundedRectAnimator.m; sourceTree = "<group>"; };
		24120EAB2553C2BB0028DC38 /* LOTPolygonAnimator.h */ = {isa = PBXFileReference; fileEncoding = 4; lastKnownFileType = sourcecode.c.h; path = LOTPolygonAnimator.h; sourceTree = "<group>"; };
		24120EAD2553C2BB0028DC38 /* LOTRenderGroup.m */ = {isa = PBXFileReference; fileEncoding = 4; lastKnownFileType = sourcecode.c.objc; path = LOTRenderGroup.m; sourceTree = "<group>"; };
		24120EAE2553C2BB0028DC38 /* LOTGradientFillRender.m */ = {isa = PBXFileReference; fileEncoding = 4; lastKnownFileType = sourcecode.c.objc; path = LOTGradientFillRender.m; sourceTree = "<group>"; };
		24120EAF2553C2BB0028DC38 /* LOTFillRenderer.h */ = {isa = PBXFileReference; fileEncoding = 4; lastKnownFileType = sourcecode.c.h; path = LOTFillRenderer.h; sourceTree = "<group>"; };
		24120EB02553C2BB0028DC38 /* LOTStrokeRenderer.h */ = {isa = PBXFileReference; fileEncoding = 4; lastKnownFileType = sourcecode.c.h; path = LOTStrokeRenderer.h; sourceTree = "<group>"; };
		24120EB12553C2BB0028DC38 /* LOTRepeaterRenderer.h */ = {isa = PBXFileReference; fileEncoding = 4; lastKnownFileType = sourcecode.c.h; path = LOTRepeaterRenderer.h; sourceTree = "<group>"; };
		24120EB22553C2BB0028DC38 /* LOTRenderGroup.h */ = {isa = PBXFileReference; fileEncoding = 4; lastKnownFileType = sourcecode.c.h; path = LOTRenderGroup.h; sourceTree = "<group>"; };
		24120EB32553C2BB0028DC38 /* LOTStrokeRenderer.m */ = {isa = PBXFileReference; fileEncoding = 4; lastKnownFileType = sourcecode.c.objc; path = LOTStrokeRenderer.m; sourceTree = "<group>"; };
		24120EB42553C2BB0028DC38 /* LOTFillRenderer.m */ = {isa = PBXFileReference; fileEncoding = 4; lastKnownFileType = sourcecode.c.objc; path = LOTFillRenderer.m; sourceTree = "<group>"; };
		24120EB52553C2BB0028DC38 /* LOTGradientFillRender.h */ = {isa = PBXFileReference; fileEncoding = 4; lastKnownFileType = sourcecode.c.h; path = LOTGradientFillRender.h; sourceTree = "<group>"; };
		24120EB62553C2BB0028DC38 /* LOTRepeaterRenderer.m */ = {isa = PBXFileReference; fileEncoding = 4; lastKnownFileType = sourcecode.c.objc; path = LOTRepeaterRenderer.m; sourceTree = "<group>"; };
		24120EB82553C2BB0028DC38 /* UIColor.h */ = {isa = PBXFileReference; fileEncoding = 4; lastKnownFileType = sourcecode.c.h; path = UIColor.h; sourceTree = "<group>"; };
		24120EB92553C2BB0028DC38 /* UIBezierPath.m */ = {isa = PBXFileReference; fileEncoding = 4; lastKnownFileType = sourcecode.c.objc; path = UIBezierPath.m; sourceTree = "<group>"; };
		24120EBA2553C2BB0028DC38 /* CALayer+Compat.h */ = {isa = PBXFileReference; fileEncoding = 4; lastKnownFileType = sourcecode.c.h; path = "CALayer+Compat.h"; sourceTree = "<group>"; };
		24120EBB2553C2BB0028DC38 /* NSValue+Compat.h */ = {isa = PBXFileReference; fileEncoding = 4; lastKnownFileType = sourcecode.c.h; path = "NSValue+Compat.h"; sourceTree = "<group>"; };
		24120EBC2553C2BB0028DC38 /* UIColor.m */ = {isa = PBXFileReference; fileEncoding = 4; lastKnownFileType = sourcecode.c.objc; path = UIColor.m; sourceTree = "<group>"; };
		24120EBD2553C2BB0028DC38 /* LOTPlatformCompat.h */ = {isa = PBXFileReference; fileEncoding = 4; lastKnownFileType = sourcecode.c.h; path = LOTPlatformCompat.h; sourceTree = "<group>"; };
		24120EBE2553C2BB0028DC38 /* UIBezierPath.h */ = {isa = PBXFileReference; fileEncoding = 4; lastKnownFileType = sourcecode.c.h; path = UIBezierPath.h; sourceTree = "<group>"; };
		24120EBF2553C2BB0028DC38 /* NSValue+Compat.m */ = {isa = PBXFileReference; fileEncoding = 4; lastKnownFileType = sourcecode.c.objc; path = "NSValue+Compat.m"; sourceTree = "<group>"; };
		24120EC02553C2BB0028DC38 /* CALayer+Compat.m */ = {isa = PBXFileReference; fileEncoding = 4; lastKnownFileType = sourcecode.c.objc; path = "CALayer+Compat.m"; sourceTree = "<group>"; };
		24120EC22553C2BB0028DC38 /* LOTMask.m */ = {isa = PBXFileReference; fileEncoding = 4; lastKnownFileType = sourcecode.c.objc; path = LOTMask.m; sourceTree = "<group>"; };
		24120EC32553C2BB0028DC38 /* LOTLayer.m */ = {isa = PBXFileReference; fileEncoding = 4; lastKnownFileType = sourcecode.c.objc; path = LOTLayer.m; sourceTree = "<group>"; };
		24120EC42553C2BB0028DC38 /* LOTAssetGroup.m */ = {isa = PBXFileReference; fileEncoding = 4; lastKnownFileType = sourcecode.c.objc; path = LOTAssetGroup.m; sourceTree = "<group>"; };
		24120EC52553C2BB0028DC38 /* LOTShapeRectangle.h */ = {isa = PBXFileReference; fileEncoding = 4; lastKnownFileType = sourcecode.c.h; path = LOTShapeRectangle.h; sourceTree = "<group>"; };
		24120EC62553C2BB0028DC38 /* LOTShapeRepeater.h */ = {isa = PBXFileReference; fileEncoding = 4; lastKnownFileType = sourcecode.c.h; path = LOTShapeRepeater.h; sourceTree = "<group>"; };
		24120EC72553C2BB0028DC38 /* LOTAsset.h */ = {isa = PBXFileReference; fileEncoding = 4; lastKnownFileType = sourcecode.c.h; path = LOTAsset.h; sourceTree = "<group>"; };
		24120EC82553C2BB0028DC38 /* LOTShapeCircle.h */ = {isa = PBXFileReference; fileEncoding = 4; lastKnownFileType = sourcecode.c.h; path = LOTShapeCircle.h; sourceTree = "<group>"; };
		24120EC92553C2BB0028DC38 /* LOTLayerGroup.m */ = {isa = PBXFileReference; fileEncoding = 4; lastKnownFileType = sourcecode.c.objc; path = LOTLayerGroup.m; sourceTree = "<group>"; };
		24120ECA2553C2BB0028DC38 /* LOTShapeStar.m */ = {isa = PBXFileReference; fileEncoding = 4; lastKnownFileType = sourcecode.c.objc; path = LOTShapeStar.m; sourceTree = "<group>"; };
		24120ECB2553C2BB0028DC38 /* LOTShapeTrimPath.m */ = {isa = PBXFileReference; fileEncoding = 4; lastKnownFileType = sourcecode.c.objc; path = LOTShapeTrimPath.m; sourceTree = "<group>"; };
		24120ECC2553C2BB0028DC38 /* LOTShapeGroup.h */ = {isa = PBXFileReference; fileEncoding = 4; lastKnownFileType = sourcecode.c.h; path = LOTShapeGroup.h; sourceTree = "<group>"; };
		24120ECD2553C2BB0028DC38 /* LOTShapePath.h */ = {isa = PBXFileReference; fileEncoding = 4; lastKnownFileType = sourcecode.c.h; path = LOTShapePath.h; sourceTree = "<group>"; };
		24120ECE2553C2BB0028DC38 /* LOTShapeStroke.h */ = {isa = PBXFileReference; fileEncoding = 4; lastKnownFileType = sourcecode.c.h; path = LOTShapeStroke.h; sourceTree = "<group>"; };
		24120ECF2553C2BB0028DC38 /* LOTShapeGradientFill.m */ = {isa = PBXFileReference; fileEncoding = 4; lastKnownFileType = sourcecode.c.objc; path = LOTShapeGradientFill.m; sourceTree = "<group>"; };
		24120ED02553C2BB0028DC38 /* LOTShapeFill.h */ = {isa = PBXFileReference; fileEncoding = 4; lastKnownFileType = sourcecode.c.h; path = LOTShapeFill.h; sourceTree = "<group>"; };
		24120ED12553C2BB0028DC38 /* LOTShapeTransform.h */ = {isa = PBXFileReference; fileEncoding = 4; lastKnownFileType = sourcecode.c.h; path = LOTShapeTransform.h; sourceTree = "<group>"; };
		24120ED22553C2BB0028DC38 /* LOTAsset.m */ = {isa = PBXFileReference; fileEncoding = 4; lastKnownFileType = sourcecode.c.objc; path = LOTAsset.m; sourceTree = "<group>"; };
		24120ED32553C2BB0028DC38 /* LOTModels.h */ = {isa = PBXFileReference; fileEncoding = 4; lastKnownFileType = sourcecode.c.h; path = LOTModels.h; sourceTree = "<group>"; };
		24120ED42553C2BB0028DC38 /* LOTShapeRepeater.m */ = {isa = PBXFileReference; fileEncoding = 4; lastKnownFileType = sourcecode.c.objc; path = LOTShapeRepeater.m; sourceTree = "<group>"; };
		24120ED52553C2BB0028DC38 /* LOTAssetGroup.h */ = {isa = PBXFileReference; fileEncoding = 4; lastKnownFileType = sourcecode.c.h; path = LOTAssetGroup.h; sourceTree = "<group>"; };
		24120ED62553C2BB0028DC38 /* LOTShapeRectangle.m */ = {isa = PBXFileReference; fileEncoding = 4; lastKnownFileType = sourcecode.c.objc; path = LOTShapeRectangle.m; sourceTree = "<group>"; };
		24120ED72553C2BB0028DC38 /* LOTLayer.h */ = {isa = PBXFileReference; fileEncoding = 4; lastKnownFileType = sourcecode.c.h; path = LOTLayer.h; sourceTree = "<group>"; };
		24120ED82553C2BB0028DC38 /* LOTMask.h */ = {isa = PBXFileReference; fileEncoding = 4; lastKnownFileType = sourcecode.c.h; path = LOTMask.h; sourceTree = "<group>"; };
		24120ED92553C2BB0028DC38 /* LOTShapeStar.h */ = {isa = PBXFileReference; fileEncoding = 4; lastKnownFileType = sourcecode.c.h; path = LOTShapeStar.h; sourceTree = "<group>"; };
		24120EDA2553C2BB0028DC38 /* LOTLayerGroup.h */ = {isa = PBXFileReference; fileEncoding = 4; lastKnownFileType = sourcecode.c.h; path = LOTLayerGroup.h; sourceTree = "<group>"; };
		24120EDB2553C2BB0028DC38 /* LOTShapeCircle.m */ = {isa = PBXFileReference; fileEncoding = 4; lastKnownFileType = sourcecode.c.objc; path = LOTShapeCircle.m; sourceTree = "<group>"; };
		24120EDC2553C2BB0028DC38 /* LOTShapePath.m */ = {isa = PBXFileReference; fileEncoding = 4; lastKnownFileType = sourcecode.c.objc; path = LOTShapePath.m; sourceTree = "<group>"; };
		24120EDD2553C2BB0028DC38 /* LOTShapeGroup.m */ = {isa = PBXFileReference; fileEncoding = 4; lastKnownFileType = sourcecode.c.objc; path = LOTShapeGroup.m; sourceTree = "<group>"; };
		24120EDE2553C2BB0028DC38 /* LOTShapeTrimPath.h */ = {isa = PBXFileReference; fileEncoding = 4; lastKnownFileType = sourcecode.c.h; path = LOTShapeTrimPath.h; sourceTree = "<group>"; };
		24120EDF2553C2BB0028DC38 /* LOTShapeFill.m */ = {isa = PBXFileReference; fileEncoding = 4; lastKnownFileType = sourcecode.c.objc; path = LOTShapeFill.m; sourceTree = "<group>"; };
		24120EE02553C2BB0028DC38 /* LOTShapeTransform.m */ = {isa = PBXFileReference; fileEncoding = 4; lastKnownFileType = sourcecode.c.objc; path = LOTShapeTransform.m; sourceTree = "<group>"; };
		24120EE12553C2BB0028DC38 /* LOTShapeGradientFill.h */ = {isa = PBXFileReference; fileEncoding = 4; lastKnownFileType = sourcecode.c.h; path = LOTShapeGradientFill.h; sourceTree = "<group>"; };
		24120EE22553C2BB0028DC38 /* LOTShapeStroke.m */ = {isa = PBXFileReference; fileEncoding = 4; lastKnownFileType = sourcecode.c.objc; path = LOTShapeStroke.m; sourceTree = "<group>"; };
		24120EE42553C2BB0028DC38 /* LOTHelpers.h */ = {isa = PBXFileReference; fileEncoding = 4; lastKnownFileType = sourcecode.c.h; path = LOTHelpers.h; sourceTree = "<group>"; };
		24120EE52553C2BB0028DC38 /* LOTRadialGradientLayer.h */ = {isa = PBXFileReference; fileEncoding = 4; lastKnownFileType = sourcecode.c.h; path = LOTRadialGradientLayer.h; sourceTree = "<group>"; };
		24120EE62553C2BB0028DC38 /* CGGeometry+LOTAdditions.m */ = {isa = PBXFileReference; fileEncoding = 4; lastKnownFileType = sourcecode.c.objc; path = "CGGeometry+LOTAdditions.m"; sourceTree = "<group>"; };
		24120EE72553C2BB0028DC38 /* LOTBezierPath.m */ = {isa = PBXFileReference; fileEncoding = 4; lastKnownFileType = sourcecode.c.objc; path = LOTBezierPath.m; sourceTree = "<group>"; };
		24120EE82553C2BB0028DC38 /* UIColor+Expanded.h */ = {isa = PBXFileReference; fileEncoding = 4; lastKnownFileType = sourcecode.c.h; path = "UIColor+Expanded.h"; sourceTree = "<group>"; };
		24120EE92553C2BB0028DC38 /* LOTRadialGradientLayer.m */ = {isa = PBXFileReference; fileEncoding = 4; lastKnownFileType = sourcecode.c.objc; path = LOTRadialGradientLayer.m; sourceTree = "<group>"; };
		24120EEA2553C2BB0028DC38 /* CGGeometry+LOTAdditions.h */ = {isa = PBXFileReference; fileEncoding = 4; lastKnownFileType = sourcecode.c.h; path = "CGGeometry+LOTAdditions.h"; sourceTree = "<group>"; };
		24120EEB2553C2BB0028DC38 /* LOTBezierPath.h */ = {isa = PBXFileReference; fileEncoding = 4; lastKnownFileType = sourcecode.c.h; path = LOTBezierPath.h; sourceTree = "<group>"; };
		24120EEC2553C2BB0028DC38 /* UIColor+Expanded.m */ = {isa = PBXFileReference; fileEncoding = 4; lastKnownFileType = sourcecode.c.objc; path = "UIColor+Expanded.m"; sourceTree = "<group>"; };
		24120EEE2553C2BB0028DC38 /* LOTAnimationCache.m */ = {isa = PBXFileReference; fileEncoding = 4; lastKnownFileType = sourcecode.c.objc; path = LOTAnimationCache.m; sourceTree = "<group>"; };
		24120EEF2553C2BB0028DC38 /* LOTComposition.m */ = {isa = PBXFileReference; fileEncoding = 4; lastKnownFileType = sourcecode.c.objc; path = LOTComposition.m; sourceTree = "<group>"; };
		24120EF02553C2BB0028DC38 /* LOTValueCallback.m */ = {isa = PBXFileReference; fileEncoding = 4; lastKnownFileType = sourcecode.c.objc; path = LOTValueCallback.m; sourceTree = "<group>"; };
		24120EF12553C2BB0028DC38 /* LOTBlockCallback.m */ = {isa = PBXFileReference; fileEncoding = 4; lastKnownFileType = sourcecode.c.objc; path = LOTBlockCallback.m; sourceTree = "<group>"; };
		24120EF22553C2BB0028DC38 /* LOTAnimationView.m */ = {isa = PBXFileReference; fileEncoding = 4; lastKnownFileType = sourcecode.c.objc; path = LOTAnimationView.m; sourceTree = "<group>"; };
		24120EF32553C2BB0028DC38 /* LOTAnimationTransitionController.m */ = {isa = PBXFileReference; fileEncoding = 4; lastKnownFileType = sourcecode.c.objc; path = LOTAnimationTransitionController.m; sourceTree = "<group>"; };
		24120EF42553C2BB0028DC38 /* LOTAnimationView_Internal.h */ = {isa = PBXFileReference; fileEncoding = 4; lastKnownFileType = sourcecode.c.h; path = LOTAnimationView_Internal.h; sourceTree = "<group>"; };
		24120EF52553C2BB0028DC38 /* LOTKeypath.m */ = {isa = PBXFileReference; fileEncoding = 4; lastKnownFileType = sourcecode.c.objc; path = LOTKeypath.m; sourceTree = "<group>"; };
		24120EF62553C2BB0028DC38 /* LOTCacheProvider.m */ = {isa = PBXFileReference; fileEncoding = 4; lastKnownFileType = sourcecode.c.objc; path = LOTCacheProvider.m; sourceTree = "<group>"; };
		24120EF72553C2BB0028DC38 /* LOTAnimatedControl.m */ = {isa = PBXFileReference; fileEncoding = 4; lastKnownFileType = sourcecode.c.objc; path = LOTAnimatedControl.m; sourceTree = "<group>"; };
		24120EF82553C2BB0028DC38 /* LOTInterpolatorCallback.m */ = {isa = PBXFileReference; fileEncoding = 4; lastKnownFileType = sourcecode.c.objc; path = LOTInterpolatorCallback.m; sourceTree = "<group>"; };
		24120EF92553C2BB0028DC38 /* LOTAnimatedSwitch.m */ = {isa = PBXFileReference; fileEncoding = 4; lastKnownFileType = sourcecode.c.objc; path = LOTAnimatedSwitch.m; sourceTree = "<group>"; };
		24120EFB2553C2BB0028DC38 /* LOTKeyframe.m */ = {isa = PBXFileReference; fileEncoding = 4; lastKnownFileType = sourcecode.c.objc; path = LOTKeyframe.m; sourceTree = "<group>"; };
		24120EFC2553C2BB0028DC38 /* LOTBezierData.m */ = {isa = PBXFileReference; fileEncoding = 4; lastKnownFileType = sourcecode.c.objc; path = LOTBezierData.m; sourceTree = "<group>"; };
		24120EFD2553C2BB0028DC38 /* LOTKeyframe.h */ = {isa = PBXFileReference; fileEncoding = 4; lastKnownFileType = sourcecode.c.h; path = LOTKeyframe.h; sourceTree = "<group>"; };
		24120EFE2553C2BB0028DC38 /* LOTBezierData.h */ = {isa = PBXFileReference; fileEncoding = 4; lastKnownFileType = sourcecode.c.h; path = LOTBezierData.h; sourceTree = "<group>"; };
		24120F002553C2BB0028DC38 /* LOTLayerContainer.m */ = {isa = PBXFileReference; fileEncoding = 4; lastKnownFileType = sourcecode.c.objc; path = LOTLayerContainer.m; sourceTree = "<group>"; };
		24120F012553C2BB0028DC38 /* LOTCompositionContainer.h */ = {isa = PBXFileReference; fileEncoding = 4; lastKnownFileType = sourcecode.c.h; path = LOTCompositionContainer.h; sourceTree = "<group>"; };
		24120F022553C2BB0028DC38 /* LOTMaskContainer.h */ = {isa = PBXFileReference; fileEncoding = 4; lastKnownFileType = sourcecode.c.h; path = LOTMaskContainer.h; sourceTree = "<group>"; };
		24120F032553C2BB0028DC38 /* LOTLayerContainer.h */ = {isa = PBXFileReference; fileEncoding = 4; lastKnownFileType = sourcecode.c.h; path = LOTLayerContainer.h; sourceTree = "<group>"; };
		24120F042553C2BB0028DC38 /* LOTCompositionContainer.m */ = {isa = PBXFileReference; fileEncoding = 4; lastKnownFileType = sourcecode.c.objc; path = LOTCompositionContainer.m; sourceTree = "<group>"; };
		24120F052553C2BB0028DC38 /* LOTMaskContainer.m */ = {isa = PBXFileReference; fileEncoding = 4; lastKnownFileType = sourcecode.c.objc; path = LOTMaskContainer.m; sourceTree = "<group>"; };
		24120F072553C2BB0028DC38 /* LOTValueDelegate.h */ = {isa = PBXFileReference; fileEncoding = 4; lastKnownFileType = sourcecode.c.h; path = LOTValueDelegate.h; sourceTree = "<group>"; };
		24120F082553C2BB0028DC38 /* LOTAnimatedControl.h */ = {isa = PBXFileReference; fileEncoding = 4; lastKnownFileType = sourcecode.c.h; path = LOTAnimatedControl.h; sourceTree = "<group>"; };
		24120F092553C2BB0028DC38 /* LOTCacheProvider.h */ = {isa = PBXFileReference; fileEncoding = 4; lastKnownFileType = sourcecode.c.h; path = LOTCacheProvider.h; sourceTree = "<group>"; };
		24120F0A2553C2BB0028DC38 /* LOTKeypath.h */ = {isa = PBXFileReference; fileEncoding = 4; lastKnownFileType = sourcecode.c.h; path = LOTKeypath.h; sourceTree = "<group>"; };
		24120F0B2553C2BB0028DC38 /* LOTInterpolatorCallback.h */ = {isa = PBXFileReference; fileEncoding = 4; lastKnownFileType = sourcecode.c.h; path = LOTInterpolatorCallback.h; sourceTree = "<group>"; };
		24120F0C2553C2BB0028DC38 /* LOTAnimatedSwitch.h */ = {isa = PBXFileReference; fileEncoding = 4; lastKnownFileType = sourcecode.c.h; path = LOTAnimatedSwitch.h; sourceTree = "<group>"; };
		24120F0D2553C2BB0028DC38 /* LOTAnimationCache.h */ = {isa = PBXFileReference; fileEncoding = 4; lastKnownFileType = sourcecode.c.h; path = LOTAnimationCache.h; sourceTree = "<group>"; };
		24120F0E2553C2BB0028DC38 /* Lottie.h */ = {isa = PBXFileReference; fileEncoding = 4; lastKnownFileType = sourcecode.c.h; path = Lottie.h; sourceTree = "<group>"; };
		24120F0F2553C2BB0028DC38 /* LOTComposition.h */ = {isa = PBXFileReference; fileEncoding = 4; lastKnownFileType = sourcecode.c.h; path = LOTComposition.h; sourceTree = "<group>"; };
		24120F102553C2BB0028DC38 /* LOTAnimationTransitionController.h */ = {isa = PBXFileReference; fileEncoding = 4; lastKnownFileType = sourcecode.c.h; path = LOTAnimationTransitionController.h; sourceTree = "<group>"; };
		24120F112553C2BB0028DC38 /* LOTAnimationView.h */ = {isa = PBXFileReference; fileEncoding = 4; lastKnownFileType = sourcecode.c.h; path = LOTAnimationView.h; sourceTree = "<group>"; };
		24120F122553C2BB0028DC38 /* LOTAnimationView_Compat.h */ = {isa = PBXFileReference; fileEncoding = 4; lastKnownFileType = sourcecode.c.h; path = LOTAnimationView_Compat.h; sourceTree = "<group>"; };
		24120F132553C2BB0028DC38 /* LOTValueCallback.h */ = {isa = PBXFileReference; fileEncoding = 4; lastKnownFileType = sourcecode.c.h; path = LOTValueCallback.h; sourceTree = "<group>"; };
		24120F142553C2BB0028DC38 /* LOTBlockCallback.h */ = {isa = PBXFileReference; fileEncoding = 4; lastKnownFileType = sourcecode.c.h; path = LOTBlockCallback.h; sourceTree = "<group>"; };
		24120F552553C35F0028DC38 /* LoadingView.xib */ = {isa = PBXFileReference; lastKnownFileType = file.xib; path = LoadingView.xib; sourceTree = "<group>"; };
		24120F582553C3990028DC38 /* LoadingView.h */ = {isa = PBXFileReference; lastKnownFileType = sourcecode.c.h; path = LoadingView.h; sourceTree = "<group>"; };
		24120F592553C3990028DC38 /* LoadingView.m */ = {isa = PBXFileReference; lastKnownFileType = sourcecode.c.objc; path = LoadingView.m; sourceTree = "<group>"; };
		24120F5F2553CD6F0028DC38 /* IntroLoader.json */ = {isa = PBXFileReference; fileEncoding = 4; lastKnownFileType = text.json; path = IntroLoader.json; sourceTree = "<group>"; };
		24120F602553CD6F0028DC38 /* FullLoader.json */ = {isa = PBXFileReference; fileEncoding = 4; lastKnownFileType = text.json; path = FullLoader.json; sourceTree = "<group>"; };
		24120F642553DD400028DC38 /* MainNaviViewController.h */ = {isa = PBXFileReference; lastKnownFileType = sourcecode.c.h; path = MainNaviViewController.h; sourceTree = "<group>"; };
		24120F652553DD400028DC38 /* MainNaviViewController.m */ = {isa = PBXFileReference; lastKnownFileType = sourcecode.c.objc; path = MainNaviViewController.m; sourceTree = "<group>"; };
		24120F662553DD400028DC38 /* MainNaviViewController.xib */ = {isa = PBXFileReference; lastKnownFileType = file.xib; path = MainNaviViewController.xib; sourceTree = "<group>"; };
		2417D1B425513CA80083AAF3 /* SideMenuViewController.h */ = {isa = PBXFileReference; lastKnownFileType = sourcecode.c.h; path = SideMenuViewController.h; sourceTree = "<group>"; };
		2417D1B525513CA80083AAF3 /* SideMenuViewController.m */ = {isa = PBXFileReference; lastKnownFileType = sourcecode.c.objc; path = SideMenuViewController.m; sourceTree = "<group>"; };
		2417D1B625513CA80083AAF3 /* SideMenuViewController.xib */ = {isa = PBXFileReference; lastKnownFileType = file.xib; path = SideMenuViewController.xib; sourceTree = "<group>"; };
		2433F1EC2552284E00A61946 /* SideMenuContentCell.h */ = {isa = PBXFileReference; lastKnownFileType = sourcecode.c.h; path = SideMenuContentCell.h; sourceTree = "<group>"; };
		2433F1ED2552284E00A61946 /* SideMenuContentCell.m */ = {isa = PBXFileReference; lastKnownFileType = sourcecode.c.objc; path = SideMenuContentCell.m; sourceTree = "<group>"; };
		2433F1EE2552284E00A61946 /* SideMenuContentCell.xib */ = {isa = PBXFileReference; lastKnownFileType = file.xib; path = SideMenuContentCell.xib; sourceTree = "<group>"; };
		2433F1F2255239B600A61946 /* AdminMenuItem.h */ = {isa = PBXFileReference; lastKnownFileType = sourcecode.c.h; path = AdminMenuItem.h; sourceTree = "<group>"; };
		2433F1F3255239B600A61946 /* AdminMenuItem.m */ = {isa = PBXFileReference; lastKnownFileType = sourcecode.c.objc; path = AdminMenuItem.m; sourceTree = "<group>"; };
		2433F1F6255239CE00A61946 /* ProjectManagementItem.h */ = {isa = PBXFileReference; lastKnownFileType = sourcecode.c.h; path = ProjectManagementItem.h; sourceTree = "<group>"; };
		2433F1F7255239CE00A61946 /* ProjectManagementItem.m */ = {isa = PBXFileReference; lastKnownFileType = sourcecode.c.objc; path = ProjectManagementItem.m; sourceTree = "<group>"; };
		2433F2092552972600A61946 /* InitData.json */ = {isa = PBXFileReference; fileEncoding = 4; lastKnownFileType = text.json; name = InitData.json; path = "../../../../../프로젝트관련문서/모바일영업지원/InitData.json"; sourceTree = "<group>"; };
		243F9BF6254A8672002F52A6 /* bnk-sales-support.app */ = {isa = PBXFileReference; explicitFileType = wrapper.application; includeInIndex = 0; path = "bnk-sales-support.app"; sourceTree = BUILT_PRODUCTS_DIR; };
		243F9BF9254A8672002F52A6 /* AppDelegate.h */ = {isa = PBXFileReference; lastKnownFileType = sourcecode.c.h; path = AppDelegate.h; sourceTree = "<group>"; };
		243F9BFA254A8672002F52A6 /* AppDelegate.m */ = {isa = PBXFileReference; lastKnownFileType = sourcecode.c.objc; path = AppDelegate.m; sourceTree = "<group>"; };
		243F9BFF254A8672002F52A6 /* ViewController.h */ = {isa = PBXFileReference; lastKnownFileType = sourcecode.c.h; path = ViewController.h; sourceTree = "<group>"; };
		243F9C00254A8672002F52A6 /* ViewController.m */ = {isa = PBXFileReference; lastKnownFileType = sourcecode.c.objc; path = ViewController.m; sourceTree = "<group>"; };
		243F9C03254A8672002F52A6 /* Base */ = {isa = PBXFileReference; lastKnownFileType = file.storyboard; name = Base; path = Base.lproj/Main.storyboard; sourceTree = "<group>"; };
		243F9C06254A8672002F52A6 /* bnk_sales_support.xcdatamodel */ = {isa = PBXFileReference; lastKnownFileType = wrapper.xcdatamodel; path = bnk_sales_support.xcdatamodel; sourceTree = "<group>"; };
		243F9C08254A8674002F52A6 /* Assets.xcassets */ = {isa = PBXFileReference; lastKnownFileType = folder.assetcatalog; path = Assets.xcassets; sourceTree = "<group>"; };
		243F9C0B254A8674002F52A6 /* Base */ = {isa = PBXFileReference; lastKnownFileType = file.storyboard; name = Base; path = Base.lproj/LaunchScreen.storyboard; sourceTree = "<group>"; };
		243F9C0D254A8674002F52A6 /* Info.plist */ = {isa = PBXFileReference; lastKnownFileType = text.plist.xml; path = Info.plist; sourceTree = "<group>"; };
		243F9C0E254A8674002F52A6 /* main.m */ = {isa = PBXFileReference; lastKnownFileType = sourcecode.c.objc; path = main.m; sourceTree = "<group>"; };
		243F9C1D254A9511002F52A6 /* WebViewController.h */ = {isa = PBXFileReference; lastKnownFileType = sourcecode.c.h; path = WebViewController.h; sourceTree = "<group>"; };
		243F9C1E254A9511002F52A6 /* WebViewController.m */ = {isa = PBXFileReference; lastKnownFileType = sourcecode.c.objc; path = WebViewController.m; sourceTree = "<group>"; };
		243F9C1F254A9511002F52A6 /* WebViewController.xib */ = {isa = PBXFileReference; lastKnownFileType = file.xib; path = WebViewController.xib; sourceTree = "<group>"; };
		247D2559254AA04C00100997 /* IntroViewController.h */ = {isa = PBXFileReference; lastKnownFileType = sourcecode.c.h; path = IntroViewController.h; sourceTree = "<group>"; };
		247D255A254AA04C00100997 /* IntroViewController.m */ = {isa = PBXFileReference; lastKnownFileType = sourcecode.c.objc; path = IntroViewController.m; sourceTree = "<group>"; };
		247D255B254AA04C00100997 /* IntroViewController.xib */ = {isa = PBXFileReference; lastKnownFileType = file.xib; path = IntroViewController.xib; sourceTree = "<group>"; };
		247D2562254AA1AD00100997 /* TestViewController.h */ = {isa = PBXFileReference; lastKnownFileType = sourcecode.c.h; path = TestViewController.h; sourceTree = "<group>"; };
		247D2563254AA1AD00100997 /* TestViewController.m */ = {isa = PBXFileReference; lastKnownFileType = sourcecode.c.objc; path = TestViewController.m; sourceTree = "<group>"; };
		247D2564254AA1AD00100997 /* TestViewController.xib */ = {isa = PBXFileReference; lastKnownFileType = file.xib; path = TestViewController.xib; sourceTree = "<group>"; };
		247D256A254ABA9100100997 /* bnk-sales-support-Prefix.pch */ = {isa = PBXFileReference; lastKnownFileType = sourcecode.c.h; path = "bnk-sales-support-Prefix.pch"; sourceTree = "<group>"; };
		24BE34F6254FEA750072CFED /* NetworkManager.h */ = {isa = PBXFileReference; lastKnownFileType = sourcecode.c.h; path = NetworkManager.h; sourceTree = "<group>"; };
		24BE34F7254FEA750072CFED /* NetworkManager.m */ = {isa = PBXFileReference; lastKnownFileType = sourcecode.c.objc; path = NetworkManager.m; sourceTree = "<group>"; };
		24BE34FA254FF9170072CFED /* CommonUtil.h */ = {isa = PBXFileReference; lastKnownFileType = sourcecode.c.h; path = CommonUtil.h; sourceTree = "<group>"; };
		24BE34FB254FF9170072CFED /* CommonUtil.m */ = {isa = PBXFileReference; lastKnownFileType = sourcecode.c.objc; path = CommonUtil.m; sourceTree = "<group>"; };
		31F9293D9503A3DB19911005 /* Pods_bnk_sales_support.framework */ = {isa = PBXFileReference; explicitFileType = wrapper.framework; includeInIndex = 0; path = Pods_bnk_sales_support.framework; sourceTree = BUILT_PRODUCTS_DIR; };
		B3F725E94013FF4DFA4F149D /* Pods-bnk-sales-support.release.xcconfig */ = {isa = PBXFileReference; includeInIndex = 1; lastKnownFileType = text.xcconfig; name = "Pods-bnk-sales-support.release.xcconfig"; path = "Target Support Files/Pods-bnk-sales-support/Pods-bnk-sales-support.release.xcconfig"; sourceTree = "<group>"; };
/* End PBXFileReference section */

/* Begin PBXFrameworksBuildPhase section */
		243F9BF3254A8672002F52A6 /* Frameworks */ = {
			isa = PBXFrameworksBuildPhase;
			buildActionMask = 2147483647;
			files = (
				7D2637C501872722B6E52EED /* Pods_bnk_sales_support.framework in Frameworks */,
			);
			runOnlyForDeploymentPostprocessing = 0;
		};
/* End PBXFrameworksBuildPhase section */

/* Begin PBXGroup section */
		0FAC80EC6EF303A724EE24F6 /* Frameworks */ = {
			isa = PBXGroup;
			children = (
				31F9293D9503A3DB19911005 /* Pods_bnk_sales_support.framework */,
			);
			name = Frameworks;
			sourceTree = "<group>";
		};
		1874400E5F442F83CC29C080 /* Pods */ = {
			isa = PBXGroup;
			children = (
				181B138813F28461324BFB10 /* Pods-bnk-sales-support.debug.xcconfig */,
				B3F725E94013FF4DFA4F149D /* Pods-bnk-sales-support.release.xcconfig */,
			);
			path = Pods;
			sourceTree = "<group>";
		};
		24120E862553C2990028DC38 /* Externals */ = {
			isa = PBXGroup;
			children = (
				24120E872553C2BB0028DC38 /* Lottie */,
			);
			path = Externals;
			sourceTree = "<group>";
		};
		24120E872553C2BB0028DC38 /* Lottie */ = {
			isa = PBXGroup;
			children = (
				24120E882553C2BB0028DC38 /* RenderSystem */,
				24120EB72553C2BB0028DC38 /* MacCompatibility */,
				24120EC12553C2BB0028DC38 /* Models */,
				24120EE32553C2BB0028DC38 /* Extensions */,
				24120EED2553C2BB0028DC38 /* Private */,
				24120EFA2553C2BB0028DC38 /* AnimatableProperties */,
				24120EFF2553C2BB0028DC38 /* AnimatableLayers */,
				24120F062553C2BB0028DC38 /* PublicHeaders */,
			);
			name = Lottie;
			path = ../../../busanbanksfa/busanbanksfa/BNK/Externals/Lottie;
			sourceTree = "<group>";
		};
		24120E882553C2BB0028DC38 /* RenderSystem */ = {
			isa = PBXGroup;
			children = (
				24120E892553C2BB0028DC38 /* LOTRenderNode.m */,
				24120E8A2553C2BB0028DC38 /* LOTAnimatorNode.h */,
				24120E8B2553C2BB0028DC38 /* LOTRenderNode.h */,
				24120E8C2553C2BB0028DC38 /* ManipulatorNodes */,
				24120E8F2553C2BB0028DC38 /* InterpolatorNodes */,
				24120EA02553C2BB0028DC38 /* LOTAnimatorNode.m */,
				24120EA12553C2BB0028DC38 /* AnimatorNodes */,
				24120EAC2553C2BB0028DC38 /* RenderNodes */,
			);
			path = RenderSystem;
			sourceTree = "<group>";
		};
		24120E8C2553C2BB0028DC38 /* ManipulatorNodes */ = {
			isa = PBXGroup;
			children = (
				24120E8D2553C2BB0028DC38 /* LOTTrimPathNode.h */,
				24120E8E2553C2BB0028DC38 /* LOTTrimPathNode.m */,
			);
			path = ManipulatorNodes;
			sourceTree = "<group>";
		};
		24120E8F2553C2BB0028DC38 /* InterpolatorNodes */ = {
			isa = PBXGroup;
			children = (
				24120E902553C2BB0028DC38 /* LOTColorInterpolator.m */,
				24120E912553C2BB0028DC38 /* LOTPathInterpolator.m */,
				24120E922553C2BB0028DC38 /* LOTSizeInterpolator.h */,
				24120E932553C2BB0028DC38 /* LOTValueInterpolator.h */,
				24120E942553C2BB0028DC38 /* LOTPointInterpolator.h */,
				24120E952553C2BB0028DC38 /* LOTNumberInterpolator.h */,
				24120E962553C2BB0028DC38 /* LOTTransformInterpolator.h */,
				24120E972553C2BB0028DC38 /* LOTArrayInterpolator.h */,
				24120E982553C2BB0028DC38 /* LOTColorInterpolator.h */,
				24120E992553C2BB0028DC38 /* LOTSizeInterpolator.m */,
				24120E9A2553C2BB0028DC38 /* LOTPathInterpolator.h */,
				24120E9B2553C2BB0028DC38 /* LOTPointInterpolator.m */,
				24120E9C2553C2BB0028DC38 /* LOTValueInterpolator.m */,
				24120E9D2553C2BB0028DC38 /* LOTTransformInterpolator.m */,
				24120E9E2553C2BB0028DC38 /* LOTArrayInterpolator.m */,
				24120E9F2553C2BB0028DC38 /* LOTNumberInterpolator.m */,
			);
			path = InterpolatorNodes;
			sourceTree = "<group>";
		};
		24120EA12553C2BB0028DC38 /* AnimatorNodes */ = {
			isa = PBXGroup;
			children = (
				24120EA22553C2BB0028DC38 /* LOTPathAnimator.m */,
				24120EA32553C2BB0028DC38 /* LOTPolystarAnimator.m */,
				24120EA42553C2BB0028DC38 /* LOTPolygonAnimator.m */,
				24120EA52553C2BB0028DC38 /* LOTRoundedRectAnimator.h */,
				24120EA62553C2BB0028DC38 /* LOTCircleAnimator.m */,
				24120EA72553C2BB0028DC38 /* LOTPolystarAnimator.h */,
				24120EA82553C2BB0028DC38 /* LOTPathAnimator.h */,
				24120EA92553C2BB0028DC38 /* LOTCircleAnimator.h */,
				24120EAA2553C2BB0028DC38 /* LOTRoundedRectAnimator.m */,
				24120EAB2553C2BB0028DC38 /* LOTPolygonAnimator.h */,
			);
			path = AnimatorNodes;
			sourceTree = "<group>";
		};
		24120EAC2553C2BB0028DC38 /* RenderNodes */ = {
			isa = PBXGroup;
			children = (
				24120EAD2553C2BB0028DC38 /* LOTRenderGroup.m */,
				24120EAE2553C2BB0028DC38 /* LOTGradientFillRender.m */,
				24120EAF2553C2BB0028DC38 /* LOTFillRenderer.h */,
				24120EB02553C2BB0028DC38 /* LOTStrokeRenderer.h */,
				24120EB12553C2BB0028DC38 /* LOTRepeaterRenderer.h */,
				24120EB22553C2BB0028DC38 /* LOTRenderGroup.h */,
				24120EB32553C2BB0028DC38 /* LOTStrokeRenderer.m */,
				24120EB42553C2BB0028DC38 /* LOTFillRenderer.m */,
				24120EB52553C2BB0028DC38 /* LOTGradientFillRender.h */,
				24120EB62553C2BB0028DC38 /* LOTRepeaterRenderer.m */,
			);
			path = RenderNodes;
			sourceTree = "<group>";
		};
		24120EB72553C2BB0028DC38 /* MacCompatibility */ = {
			isa = PBXGroup;
			children = (
				24120EB82553C2BB0028DC38 /* UIColor.h */,
				24120EB92553C2BB0028DC38 /* UIBezierPath.m */,
				24120EBA2553C2BB0028DC38 /* CALayer+Compat.h */,
				24120EBB2553C2BB0028DC38 /* NSValue+Compat.h */,
				24120EBC2553C2BB0028DC38 /* UIColor.m */,
				24120EBD2553C2BB0028DC38 /* LOTPlatformCompat.h */,
				24120EBE2553C2BB0028DC38 /* UIBezierPath.h */,
				24120EBF2553C2BB0028DC38 /* NSValue+Compat.m */,
				24120EC02553C2BB0028DC38 /* CALayer+Compat.m */,
			);
			path = MacCompatibility;
			sourceTree = "<group>";
		};
		24120EC12553C2BB0028DC38 /* Models */ = {
			isa = PBXGroup;
			children = (
				24120EC22553C2BB0028DC38 /* LOTMask.m */,
				24120EC32553C2BB0028DC38 /* LOTLayer.m */,
				24120EC42553C2BB0028DC38 /* LOTAssetGroup.m */,
				24120EC52553C2BB0028DC38 /* LOTShapeRectangle.h */,
				24120EC62553C2BB0028DC38 /* LOTShapeRepeater.h */,
				24120EC72553C2BB0028DC38 /* LOTAsset.h */,
				24120EC82553C2BB0028DC38 /* LOTShapeCircle.h */,
				24120EC92553C2BB0028DC38 /* LOTLayerGroup.m */,
				24120ECA2553C2BB0028DC38 /* LOTShapeStar.m */,
				24120ECB2553C2BB0028DC38 /* LOTShapeTrimPath.m */,
				24120ECC2553C2BB0028DC38 /* LOTShapeGroup.h */,
				24120ECD2553C2BB0028DC38 /* LOTShapePath.h */,
				24120ECE2553C2BB0028DC38 /* LOTShapeStroke.h */,
				24120ECF2553C2BB0028DC38 /* LOTShapeGradientFill.m */,
				24120ED02553C2BB0028DC38 /* LOTShapeFill.h */,
				24120ED12553C2BB0028DC38 /* LOTShapeTransform.h */,
				24120ED22553C2BB0028DC38 /* LOTAsset.m */,
				24120ED32553C2BB0028DC38 /* LOTModels.h */,
				24120ED42553C2BB0028DC38 /* LOTShapeRepeater.m */,
				24120ED52553C2BB0028DC38 /* LOTAssetGroup.h */,
				24120ED62553C2BB0028DC38 /* LOTShapeRectangle.m */,
				24120ED72553C2BB0028DC38 /* LOTLayer.h */,
				24120ED82553C2BB0028DC38 /* LOTMask.h */,
				24120ED92553C2BB0028DC38 /* LOTShapeStar.h */,
				24120EDA2553C2BB0028DC38 /* LOTLayerGroup.h */,
				24120EDB2553C2BB0028DC38 /* LOTShapeCircle.m */,
				24120EDC2553C2BB0028DC38 /* LOTShapePath.m */,
				24120EDD2553C2BB0028DC38 /* LOTShapeGroup.m */,
				24120EDE2553C2BB0028DC38 /* LOTShapeTrimPath.h */,
				24120EDF2553C2BB0028DC38 /* LOTShapeFill.m */,
				24120EE02553C2BB0028DC38 /* LOTShapeTransform.m */,
				24120EE12553C2BB0028DC38 /* LOTShapeGradientFill.h */,
				24120EE22553C2BB0028DC38 /* LOTShapeStroke.m */,
			);
			path = Models;
			sourceTree = "<group>";
		};
		24120EE32553C2BB0028DC38 /* Extensions */ = {
			isa = PBXGroup;
			children = (
				24120EE42553C2BB0028DC38 /* LOTHelpers.h */,
				24120EE52553C2BB0028DC38 /* LOTRadialGradientLayer.h */,
				24120EE62553C2BB0028DC38 /* CGGeometry+LOTAdditions.m */,
				24120EE72553C2BB0028DC38 /* LOTBezierPath.m */,
				24120EE82553C2BB0028DC38 /* UIColor+Expanded.h */,
				24120EE92553C2BB0028DC38 /* LOTRadialGradientLayer.m */,
				24120EEA2553C2BB0028DC38 /* CGGeometry+LOTAdditions.h */,
				24120EEB2553C2BB0028DC38 /* LOTBezierPath.h */,
				24120EEC2553C2BB0028DC38 /* UIColor+Expanded.m */,
			);
			path = Extensions;
			sourceTree = "<group>";
		};
		24120EED2553C2BB0028DC38 /* Private */ = {
			isa = PBXGroup;
			children = (
				24120EEE2553C2BB0028DC38 /* LOTAnimationCache.m */,
				24120EEF2553C2BB0028DC38 /* LOTComposition.m */,
				24120EF02553C2BB0028DC38 /* LOTValueCallback.m */,
				24120EF12553C2BB0028DC38 /* LOTBlockCallback.m */,
				24120EF22553C2BB0028DC38 /* LOTAnimationView.m */,
				24120EF32553C2BB0028DC38 /* LOTAnimationTransitionController.m */,
				24120EF42553C2BB0028DC38 /* LOTAnimationView_Internal.h */,
				24120EF52553C2BB0028DC38 /* LOTKeypath.m */,
				24120EF62553C2BB0028DC38 /* LOTCacheProvider.m */,
				24120EF72553C2BB0028DC38 /* LOTAnimatedControl.m */,
				24120EF82553C2BB0028DC38 /* LOTInterpolatorCallback.m */,
				24120EF92553C2BB0028DC38 /* LOTAnimatedSwitch.m */,
			);
			path = Private;
			sourceTree = "<group>";
		};
		24120EFA2553C2BB0028DC38 /* AnimatableProperties */ = {
			isa = PBXGroup;
			children = (
				24120EFB2553C2BB0028DC38 /* LOTKeyframe.m */,
				24120EFC2553C2BB0028DC38 /* LOTBezierData.m */,
				24120EFD2553C2BB0028DC38 /* LOTKeyframe.h */,
				24120EFE2553C2BB0028DC38 /* LOTBezierData.h */,
			);
			path = AnimatableProperties;
			sourceTree = "<group>";
		};
		24120EFF2553C2BB0028DC38 /* AnimatableLayers */ = {
			isa = PBXGroup;
			children = (
				24120F002553C2BB0028DC38 /* LOTLayerContainer.m */,
				24120F012553C2BB0028DC38 /* LOTCompositionContainer.h */,
				24120F022553C2BB0028DC38 /* LOTMaskContainer.h */,
				24120F032553C2BB0028DC38 /* LOTLayerContainer.h */,
				24120F042553C2BB0028DC38 /* LOTCompositionContainer.m */,
				24120F052553C2BB0028DC38 /* LOTMaskContainer.m */,
			);
			path = AnimatableLayers;
			sourceTree = "<group>";
		};
		24120F062553C2BB0028DC38 /* PublicHeaders */ = {
			isa = PBXGroup;
			children = (
				24120F072553C2BB0028DC38 /* LOTValueDelegate.h */,
				24120F082553C2BB0028DC38 /* LOTAnimatedControl.h */,
				24120F092553C2BB0028DC38 /* LOTCacheProvider.h */,
				24120F0A2553C2BB0028DC38 /* LOTKeypath.h */,
				24120F0B2553C2BB0028DC38 /* LOTInterpolatorCallback.h */,
				24120F0C2553C2BB0028DC38 /* LOTAnimatedSwitch.h */,
				24120F0D2553C2BB0028DC38 /* LOTAnimationCache.h */,
				24120F0E2553C2BB0028DC38 /* Lottie.h */,
				24120F0F2553C2BB0028DC38 /* LOTComposition.h */,
				24120F102553C2BB0028DC38 /* LOTAnimationTransitionController.h */,
				24120F112553C2BB0028DC38 /* LOTAnimationView.h */,
				24120F122553C2BB0028DC38 /* LOTAnimationView_Compat.h */,
				24120F132553C2BB0028DC38 /* LOTValueCallback.h */,
				24120F142553C2BB0028DC38 /* LOTBlockCallback.h */,
			);
			path = PublicHeaders;
			sourceTree = "<group>";
		};
		24120F532553C2FA0028DC38 /* Floating */ = {
			isa = PBXGroup;
			children = (
				24120F542553C30B0028DC38 /* Loading */,
			);
			path = Floating;
			sourceTree = "<group>";
		};
		24120F542553C30B0028DC38 /* Loading */ = {
			isa = PBXGroup;
			children = (
				24120F582553C3990028DC38 /* LoadingView.h */,
				24120F592553C3990028DC38 /* LoadingView.m */,
				24120F552553C35F0028DC38 /* LoadingView.xib */,
			);
			path = Loading;
			sourceTree = "<group>";
		};
		24120F5D2553CD5E0028DC38 /* Resource */ = {
			isa = PBXGroup;
			children = (
				24120F5E2553CD6F0028DC38 /* Lottie */,
			);
			path = Resource;
			sourceTree = "<group>";
		};
		24120F5E2553CD6F0028DC38 /* Lottie */ = {
			isa = PBXGroup;
			children = (
				24120F5F2553CD6F0028DC38 /* IntroLoader.json */,
				24120F602553CD6F0028DC38 /* FullLoader.json */,
			);
			name = Lottie;
			path = ../../../busanbanksfa/busanbanksfa/Resource/Lottie;
			sourceTree = "<group>";
		};
		2417D1B325513C880083AAF3 /* SideMenu */ = {
			isa = PBXGroup;
			children = (
				2417D1BC25513E0A0083AAF3 /* Cell */,
				2417D1B425513CA80083AAF3 /* SideMenuViewController.h */,
				2417D1B525513CA80083AAF3 /* SideMenuViewController.m */,
				2417D1B625513CA80083AAF3 /* SideMenuViewController.xib */,
			);
			path = SideMenu;
			sourceTree = "<group>";
		};
		2417D1BC25513E0A0083AAF3 /* Cell */ = {
			isa = PBXGroup;
			children = (
				2433F1EC2552284E00A61946 /* SideMenuContentCell.h */,
				2433F1ED2552284E00A61946 /* SideMenuContentCell.m */,
				2433F1EE2552284E00A61946 /* SideMenuContentCell.xib */,
			);
			path = Cell;
			sourceTree = "<group>";
		};
		2433F1FF25524C2800A61946 /* Test */ = {
			isa = PBXGroup;
			children = (
				2433F2092552972600A61946 /* InitData.json */,
			);
			path = Test;
			sourceTree = "<group>";
		};
		243F9BED254A8672002F52A6 = {
			isa = PBXGroup;
			children = (
				243F9BF8254A8672002F52A6 /* bnk-sales-support */,
				243F9BF7254A8672002F52A6 /* Products */,
				1874400E5F442F83CC29C080 /* Pods */,
				0FAC80EC6EF303A724EE24F6 /* Frameworks */,
			);
			sourceTree = "<group>";
		};
		243F9BF7254A8672002F52A6 /* Products */ = {
			isa = PBXGroup;
			children = (
				243F9BF6254A8672002F52A6 /* bnk-sales-support.app */,
			);
			name = Products;
			sourceTree = "<group>";
		};
		243F9BF8254A8672002F52A6 /* bnk-sales-support */ = {
			isa = PBXGroup;
			children = (
				24120F5D2553CD5E0028DC38 /* Resource */,
				24120E862553C2990028DC38 /* Externals */,
				2433F1FF25524C2800A61946 /* Test */,
				243F9C1C254A8B80002F52A6 /* Network */,
				243F9C1B254A8B73002F52A6 /* Utils */,
				243F9C1A254A8B67002F52A6 /* ViewModels */,
				243F9C19254A8B42002F52A6 /* Views */,
				243F9C18254A8B35002F52A6 /* Models */,
				243F9BF9254A8672002F52A6 /* AppDelegate.h */,
				243F9BFA254A8672002F52A6 /* AppDelegate.m */,
				243F9C02254A8672002F52A6 /* Main.storyboard */,
				243F9C08254A8674002F52A6 /* Assets.xcassets */,
				243F9C0A254A8674002F52A6 /* LaunchScreen.storyboard */,
				243F9C0D254A8674002F52A6 /* Info.plist */,
				247D256A254ABA9100100997 /* bnk-sales-support-Prefix.pch */,
				243F9C0E254A8674002F52A6 /* main.m */,
				243F9C05254A8672002F52A6 /* bnk_sales_support.xcdatamodeld */,
			);
			path = "bnk-sales-support";
			sourceTree = "<group>";
		};
		243F9C18254A8B35002F52A6 /* Models */ = {
			isa = PBXGroup;
			children = (
				2433F1F2255239B600A61946 /* AdminMenuItem.h */,
				2433F1F3255239B600A61946 /* AdminMenuItem.m */,
				2433F1F6255239CE00A61946 /* ProjectManagementItem.h */,
				2433F1F7255239CE00A61946 /* ProjectManagementItem.m */,
			);
			path = Models;
			sourceTree = "<group>";
		};
		243F9C19254A8B42002F52A6 /* Views */ = {
			isa = PBXGroup;
			children = (
				24120F532553C2FA0028DC38 /* Floating */,
				2417D1B325513C880083AAF3 /* SideMenu */,
				247D2561254AA19E00100997 /* Test */,
				247D2560254AA05700100997 /* Login */,
				247D2558254AA03A00100997 /* Intro */,
				247D2557254AA02F00100997 /* WebView */,
				243F9BFF254A8672002F52A6 /* ViewController.h */,
				243F9C00254A8672002F52A6 /* ViewController.m */,
				24120F642553DD400028DC38 /* MainNaviViewController.h */,
				24120F652553DD400028DC38 /* MainNaviViewController.m */,
				24120F662553DD400028DC38 /* MainNaviViewController.xib */,
			);
			path = Views;
			sourceTree = "<group>";
		};
		243F9C1A254A8B67002F52A6 /* ViewModels */ = {
			isa = PBXGroup;
			children = (
			);
			path = ViewModels;
			sourceTree = "<group>";
		};
		243F9C1B254A8B73002F52A6 /* Utils */ = {
			isa = PBXGroup;
			children = (
				24BE34FA254FF9170072CFED /* CommonUtil.h */,
				24BE34FB254FF9170072CFED /* CommonUtil.m */,
			);
			path = Utils;
			sourceTree = "<group>";
		};
		243F9C1C254A8B80002F52A6 /* Network */ = {
			isa = PBXGroup;
			children = (
				24BE34F6254FEA750072CFED /* NetworkManager.h */,
				24BE34F7254FEA750072CFED /* NetworkManager.m */,
			);
			path = Network;
			sourceTree = "<group>";
		};
		247D2557254AA02F00100997 /* WebView */ = {
			isa = PBXGroup;
			children = (
				243F9C1D254A9511002F52A6 /* WebViewController.h */,
				243F9C1E254A9511002F52A6 /* WebViewController.m */,
				243F9C1F254A9511002F52A6 /* WebViewController.xib */,
				24120E7F255396940028DC38 /* SubWebViewController.h */,
				24120E80255396940028DC38 /* SubWebViewController.m */,
				24120E81255396940028DC38 /* SubWebViewController.xib */,
			);
			path = WebView;
			sourceTree = "<group>";
		};
		247D2558254AA03A00100997 /* Intro */ = {
			isa = PBXGroup;
			children = (
				247D2559254AA04C00100997 /* IntroViewController.h */,
				247D255A254AA04C00100997 /* IntroViewController.m */,
				247D255B254AA04C00100997 /* IntroViewController.xib */,
			);
			path = Intro;
			sourceTree = "<group>";
		};
		247D2560254AA05700100997 /* Login */ = {
			isa = PBXGroup;
			children = (
			);
			path = Login;
			sourceTree = "<group>";
		};
		247D2561254AA19E00100997 /* Test */ = {
			isa = PBXGroup;
			children = (
				247D2562254AA1AD00100997 /* TestViewController.h */,
				247D2563254AA1AD00100997 /* TestViewController.m */,
				247D2564254AA1AD00100997 /* TestViewController.xib */,
			);
			path = Test;
			sourceTree = "<group>";
		};
/* End PBXGroup section */

/* Begin PBXNativeTarget section */
		243F9BF5254A8672002F52A6 /* bnk-sales-support */ = {
			isa = PBXNativeTarget;
			buildConfigurationList = 243F9C12254A8674002F52A6 /* Build configuration list for PBXNativeTarget "bnk-sales-support" */;
			buildPhases = (
				8775239643F18970A0F731D8 /* [CP] Check Pods Manifest.lock */,
				243F9BF2254A8672002F52A6 /* Sources */,
				243F9BF3254A8672002F52A6 /* Frameworks */,
				243F9BF4254A8672002F52A6 /* Resources */,
				FA12FB744E223A7024A95C0A /* [CP] Embed Pods Frameworks */,
			);
			buildRules = (
			);
			dependencies = (
			);
			name = "bnk-sales-support";
			productName = "bnk-sales-support";
			productReference = 243F9BF6254A8672002F52A6 /* bnk-sales-support.app */;
			productType = "com.apple.product-type.application";
		};
/* End PBXNativeTarget section */

/* Begin PBXProject section */
		243F9BEE254A8672002F52A6 /* Project object */ = {
			isa = PBXProject;
			attributes = {
				LastUpgradeCheck = 1200;
				TargetAttributes = {
					243F9BF5254A8672002F52A6 = {
						CreatedOnToolsVersion = 12.0;
					};
				};
			};
			buildConfigurationList = 243F9BF1254A8672002F52A6 /* Build configuration list for PBXProject "bnk-sales-support" */;
			compatibilityVersion = "Xcode 9.3";
			developmentRegion = en;
			hasScannedForEncodings = 0;
			knownRegions = (
				en,
				Base,
			);
			mainGroup = 243F9BED254A8672002F52A6;
			productRefGroup = 243F9BF7254A8672002F52A6 /* Products */;
			projectDirPath = "";
			projectRoot = "";
			targets = (
				243F9BF5254A8672002F52A6 /* bnk-sales-support */,
			);
		};
/* End PBXProject section */

/* Begin PBXResourcesBuildPhase section */
		243F9BF4254A8672002F52A6 /* Resources */ = {
			isa = PBXResourcesBuildPhase;
			buildActionMask = 2147483647;
			files = (
				24120F622553CD6F0028DC38 /* FullLoader.json in Resources */,
				243F9C0C254A8674002F52A6 /* LaunchScreen.storyboard in Resources */,
				2433F20A2552972600A61946 /* InitData.json in Resources */,
				247D255D254AA04C00100997 /* IntroViewController.xib in Resources */,
				24120F612553CD6F0028DC38 /* IntroLoader.json in Resources */,
				243F9C09254A8674002F52A6 /* Assets.xcassets in Resources */,
				2417D1B825513CA80083AAF3 /* SideMenuViewController.xib in Resources */,
				243F9C04254A8672002F52A6 /* Main.storyboard in Resources */,
				24120E83255396940028DC38 /* SubWebViewController.xib in Resources */,
				2433F1F02552284E00A61946 /* SideMenuContentCell.xib in Resources */,
				247D2566254AA1AD00100997 /* TestViewController.xib in Resources */,
				24120F562553C35F0028DC38 /* LoadingView.xib in Resources */,
				243F9C21254A9511002F52A6 /* WebViewController.xib in Resources */,
				24120F682553DD400028DC38 /* MainNaviViewController.xib in Resources */,
			);
			runOnlyForDeploymentPostprocessing = 0;
		};
/* End PBXResourcesBuildPhase section */

/* Begin PBXShellScriptBuildPhase section */
		8775239643F18970A0F731D8 /* [CP] Check Pods Manifest.lock */ = {
			isa = PBXShellScriptBuildPhase;
			buildActionMask = 2147483647;
			files = (
			);
			inputFileListPaths = (
			);
			inputPaths = (
				"${PODS_PODFILE_DIR_PATH}/Podfile.lock",
				"${PODS_ROOT}/Manifest.lock",
			);
			name = "[CP] Check Pods Manifest.lock";
			outputFileListPaths = (
			);
			outputPaths = (
				"$(DERIVED_FILE_DIR)/Pods-bnk-sales-support-checkManifestLockResult.txt",
			);
			runOnlyForDeploymentPostprocessing = 0;
			shellPath = /bin/sh;
			shellScript = "diff \"${PODS_PODFILE_DIR_PATH}/Podfile.lock\" \"${PODS_ROOT}/Manifest.lock\" > /dev/null\nif [ $? != 0 ] ; then\n    # print error to STDERR\n    echo \"error: The sandbox is not in sync with the Podfile.lock. Run 'pod install' or update your CocoaPods installation.\" >&2\n    exit 1\nfi\n# This output is used by Xcode 'outputs' to avoid re-running this script phase.\necho \"SUCCESS\" > \"${SCRIPT_OUTPUT_FILE_0}\"\n";
			showEnvVarsInLog = 0;
		};
		FA12FB744E223A7024A95C0A /* [CP] Embed Pods Frameworks */ = {
			isa = PBXShellScriptBuildPhase;
			buildActionMask = 2147483647;
			files = (
			);
			inputFileListPaths = (
				"${PODS_ROOT}/Target Support Files/Pods-bnk-sales-support/Pods-bnk-sales-support-frameworks-${CONFIGURATION}-input-files.xcfilelist",
			);
			name = "[CP] Embed Pods Frameworks";
			outputFileListPaths = (
				"${PODS_ROOT}/Target Support Files/Pods-bnk-sales-support/Pods-bnk-sales-support-frameworks-${CONFIGURATION}-output-files.xcfilelist",
			);
			runOnlyForDeploymentPostprocessing = 0;
			shellPath = /bin/sh;
			shellScript = "\"${PODS_ROOT}/Target Support Files/Pods-bnk-sales-support/Pods-bnk-sales-support-frameworks.sh\"\n";
			showEnvVarsInLog = 0;
		};
/* End PBXShellScriptBuildPhase section */

/* Begin PBXSourcesBuildPhase section */
		243F9BF2254A8672002F52A6 /* Sources */ = {
			isa = PBXSourcesBuildPhase;
			buildActionMask = 2147483647;
			files = (
				24120F1D2553C2BB0028DC38 /* LOTArrayInterpolator.m in Sources */,
				24120F252553C2BB0028DC38 /* LOTRenderGroup.m in Sources */,
				24120F332553C2BB0028DC38 /* LOTShapeTrimPath.m in Sources */,
				24120F472553C2BB0028DC38 /* LOTAnimationTransitionController.m in Sources */,
				24120F4D2553C2BB0028DC38 /* LOTKeyframe.m in Sources */,
				2417D1B725513CA80083AAF3 /* SideMenuViewController.m in Sources */,
				24120F242553C2BB0028DC38 /* LOTRoundedRectAnimator.m in Sources */,
				24BE34F8254FEA750072CFED /* NetworkManager.m in Sources */,
				2433F1F8255239CE00A61946 /* ProjectManagementItem.m in Sources */,
				24120F512553C2BB0028DC38 /* LOTMaskContainer.m in Sources */,
				24120F182553C2BB0028DC38 /* LOTPathInterpolator.m in Sources */,
				24120F4B2553C2BB0028DC38 /* LOTInterpolatorCallback.m in Sources */,
				24120F292553C2BB0028DC38 /* LOTRepeaterRenderer.m in Sources */,
				24120F1E2553C2BB0028DC38 /* LOTNumberInterpolator.m in Sources */,
				24120F402553C2BB0028DC38 /* LOTRadialGradientLayer.m in Sources */,
				24120F342553C2BB0028DC38 /* LOTShapeGradientFill.m in Sources */,
				243F9C0F254A8674002F52A6 /* main.m in Sources */,
				24120F4A2553C2BB0028DC38 /* LOTAnimatedControl.m in Sources */,
				24120F212553C2BB0028DC38 /* LOTPolystarAnimator.m in Sources */,
				24120F2D2553C2BB0028DC38 /* CALayer+Compat.m in Sources */,
				24120F172553C2BB0028DC38 /* LOTColorInterpolator.m in Sources */,
				24120F222553C2BB0028DC38 /* LOTPolygonAnimator.m in Sources */,
				24120E82255396940028DC38 /* SubWebViewController.m in Sources */,
				24120F2E2553C2BB0028DC38 /* LOTMask.m in Sources */,
				24120F482553C2BB0028DC38 /* LOTKeypath.m in Sources */,
				24120F3C2553C2BB0028DC38 /* LOTShapeTransform.m in Sources */,
				2433F1EF2552284E00A61946 /* SideMenuContentCell.m in Sources */,
				247D255C254AA04C00100997 /* IntroViewController.m in Sources */,
				24120F1A2553C2BB0028DC38 /* LOTPointInterpolator.m in Sources */,
				24120F4E2553C2BB0028DC38 /* LOTBezierData.m in Sources */,
				24120F672553DD400028DC38 /* MainNaviViewController.m in Sources */,
				24120F462553C2BB0028DC38 /* LOTAnimationView.m in Sources */,
				24120F322553C2BB0028DC38 /* LOTShapeStar.m in Sources */,
				24120F2B2553C2BB0028DC38 /* UIColor.m in Sources */,
				24120F422553C2BB0028DC38 /* LOTAnimationCache.m in Sources */,
				24120F492553C2BB0028DC38 /* LOTCacheProvider.m in Sources */,
				24120F502553C2BB0028DC38 /* LOTCompositionContainer.m in Sources */,
				24120F3B2553C2BB0028DC38 /* LOTShapeFill.m in Sources */,
				24120F3A2553C2BB0028DC38 /* LOTShapeGroup.m in Sources */,
				24120F2C2553C2BB0028DC38 /* NSValue+Compat.m in Sources */,
				247D2565254AA1AD00100997 /* TestViewController.m in Sources */,
				24120F4C2553C2BB0028DC38 /* LOTAnimatedSwitch.m in Sources */,
				24120F1F2553C2BB0028DC38 /* LOTAnimatorNode.m in Sources */,
				24120F1B2553C2BB0028DC38 /* LOTValueInterpolator.m in Sources */,
				24120F442553C2BB0028DC38 /* LOTValueCallback.m in Sources */,
				24120F432553C2BB0028DC38 /* LOTComposition.m in Sources */,
				24120F5A2553C3990028DC38 /* LoadingView.m in Sources */,
				24120F302553C2BB0028DC38 /* LOTAssetGroup.m in Sources */,
				24120F3F2553C2BB0028DC38 /* LOTBezierPath.m in Sources */,
				24120F282553C2BB0028DC38 /* LOTFillRenderer.m in Sources */,
				24BE34FC254FF9170072CFED /* CommonUtil.m in Sources */,
				24120F2F2553C2BB0028DC38 /* LOTLayer.m in Sources */,
				2433F1F4255239B600A61946 /* AdminMenuItem.m in Sources */,
				24120F3E2553C2BB0028DC38 /* CGGeometry+LOTAdditions.m in Sources */,
				24120F272553C2BB0028DC38 /* LOTStrokeRenderer.m in Sources */,
				24120F312553C2BB0028DC38 /* LOTLayerGroup.m in Sources */,
				24120F372553C2BB0028DC38 /* LOTShapeRectangle.m in Sources */,
				24120F162553C2BB0028DC38 /* LOTTrimPathNode.m in Sources */,
				24120F2A2553C2BB0028DC38 /* UIBezierPath.m in Sources */,
				24120F262553C2BB0028DC38 /* LOTGradientFillRender.m in Sources */,
				24120F362553C2BB0028DC38 /* LOTShapeRepeater.m in Sources */,
				24120F1C2553C2BB0028DC38 /* LOTTransformInterpolator.m in Sources */,
				24120F352553C2BB0028DC38 /* LOTAsset.m in Sources */,
				243F9C20254A9511002F52A6 /* WebViewController.m in Sources */,
				24120F412553C2BB0028DC38 /* UIColor+Expanded.m in Sources */,
				24120F392553C2BB0028DC38 /* LOTShapePath.m in Sources */,
				24120F232553C2BB0028DC38 /* LOTCircleAnimator.m in Sources */,
				24120F192553C2BB0028DC38 /* LOTSizeInterpolator.m in Sources */,
				243F9C07254A8672002F52A6 /* bnk_sales_support.xcdatamodeld in Sources */,
				24120F452553C2BB0028DC38 /* LOTBlockCallback.m in Sources */,
				24120F382553C2BB0028DC38 /* LOTShapeCircle.m in Sources */,
				243F9C01254A8672002F52A6 /* ViewController.m in Sources */,
				24120F152553C2BB0028DC38 /* LOTRenderNode.m in Sources */,
				243F9BFB254A8672002F52A6 /* AppDelegate.m in Sources */,
				24120F4F2553C2BB0028DC38 /* LOTLayerContainer.m in Sources */,
				24120F3D2553C2BB0028DC38 /* LOTShapeStroke.m in Sources */,
				24120F202553C2BB0028DC38 /* LOTPathAnimator.m in Sources */,
			);
			runOnlyForDeploymentPostprocessing = 0;
		};
/* End PBXSourcesBuildPhase section */

/* Begin PBXVariantGroup section */
		243F9C02254A8672002F52A6 /* Main.storyboard */ = {
			isa = PBXVariantGroup;
			children = (
				243F9C03254A8672002F52A6 /* Base */,
			);
			name = Main.storyboard;
			sourceTree = "<group>";
		};
		243F9C0A254A8674002F52A6 /* LaunchScreen.storyboard */ = {
			isa = PBXVariantGroup;
			children = (
				243F9C0B254A8674002F52A6 /* Base */,
			);
			name = LaunchScreen.storyboard;
			sourceTree = "<group>";
		};
/* End PBXVariantGroup section */

/* Begin XCBuildConfiguration section */
		243F9C10254A8674002F52A6 /* Debug */ = {
			isa = XCBuildConfiguration;
			buildSettings = {
				ALWAYS_SEARCH_USER_PATHS = NO;
				CLANG_ANALYZER_NONNULL = YES;
				CLANG_ANALYZER_NUMBER_OBJECT_CONVERSION = YES_AGGRESSIVE;
				CLANG_CXX_LANGUAGE_STANDARD = "gnu++14";
				CLANG_CXX_LIBRARY = "libc++";
				CLANG_ENABLE_MODULES = YES;
				CLANG_ENABLE_OBJC_ARC = YES;
				CLANG_ENABLE_OBJC_WEAK = YES;
				CLANG_WARN_BLOCK_CAPTURE_AUTORELEASING = YES;
				CLANG_WARN_BOOL_CONVERSION = YES;
				CLANG_WARN_COMMA = YES;
				CLANG_WARN_CONSTANT_CONVERSION = YES;
				CLANG_WARN_DEPRECATED_OBJC_IMPLEMENTATIONS = YES;
				CLANG_WARN_DIRECT_OBJC_ISA_USAGE = YES_ERROR;
				CLANG_WARN_DOCUMENTATION_COMMENTS = YES;
				CLANG_WARN_EMPTY_BODY = YES;
				CLANG_WARN_ENUM_CONVERSION = YES;
				CLANG_WARN_INFINITE_RECURSION = YES;
				CLANG_WARN_INT_CONVERSION = YES;
				CLANG_WARN_NON_LITERAL_NULL_CONVERSION = YES;
				CLANG_WARN_OBJC_IMPLICIT_RETAIN_SELF = YES;
				CLANG_WARN_OBJC_LITERAL_CONVERSION = YES;
				CLANG_WARN_OBJC_ROOT_CLASS = YES_ERROR;
				CLANG_WARN_QUOTED_INCLUDE_IN_FRAMEWORK_HEADER = YES;
				CLANG_WARN_RANGE_LOOP_ANALYSIS = YES;
				CLANG_WARN_STRICT_PROTOTYPES = YES;
				CLANG_WARN_SUSPICIOUS_MOVE = YES;
				CLANG_WARN_UNGUARDED_AVAILABILITY = YES_AGGRESSIVE;
				CLANG_WARN_UNREACHABLE_CODE = YES;
				CLANG_WARN__DUPLICATE_METHOD_MATCH = YES;
				COPY_PHASE_STRIP = NO;
				DEBUG_INFORMATION_FORMAT = dwarf;
				ENABLE_STRICT_OBJC_MSGSEND = YES;
				ENABLE_TESTABILITY = YES;
				GCC_C_LANGUAGE_STANDARD = gnu11;
				GCC_DYNAMIC_NO_PIC = NO;
				GCC_NO_COMMON_BLOCKS = YES;
				GCC_OPTIMIZATION_LEVEL = 0;
				GCC_PREPROCESSOR_DEFINITIONS = (
					"DEBUG=1",
					"$(inherited)",
				);
				GCC_WARN_64_TO_32_BIT_CONVERSION = YES;
				GCC_WARN_ABOUT_RETURN_TYPE = YES_ERROR;
				GCC_WARN_UNDECLARED_SELECTOR = YES;
				GCC_WARN_UNINITIALIZED_AUTOS = YES_AGGRESSIVE;
				GCC_WARN_UNUSED_FUNCTION = YES;
				GCC_WARN_UNUSED_VARIABLE = YES;
				IPHONEOS_DEPLOYMENT_TARGET = 14.0;
				MTL_ENABLE_DEBUG_INFO = INCLUDE_SOURCE;
				MTL_FAST_MATH = YES;
				ONLY_ACTIVE_ARCH = YES;
				SDKROOT = iphoneos;
			};
			name = Debug;
		};
		243F9C11254A8674002F52A6 /* Release */ = {
			isa = XCBuildConfiguration;
			buildSettings = {
				ALWAYS_SEARCH_USER_PATHS = NO;
				CLANG_ANALYZER_NONNULL = YES;
				CLANG_ANALYZER_NUMBER_OBJECT_CONVERSION = YES_AGGRESSIVE;
				CLANG_CXX_LANGUAGE_STANDARD = "gnu++14";
				CLANG_CXX_LIBRARY = "libc++";
				CLANG_ENABLE_MODULES = YES;
				CLANG_ENABLE_OBJC_ARC = YES;
				CLANG_ENABLE_OBJC_WEAK = YES;
				CLANG_WARN_BLOCK_CAPTURE_AUTORELEASING = YES;
				CLANG_WARN_BOOL_CONVERSION = YES;
				CLANG_WARN_COMMA = YES;
				CLANG_WARN_CONSTANT_CONVERSION = YES;
				CLANG_WARN_DEPRECATED_OBJC_IMPLEMENTATIONS = YES;
				CLANG_WARN_DIRECT_OBJC_ISA_USAGE = YES_ERROR;
				CLANG_WARN_DOCUMENTATION_COMMENTS = YES;
				CLANG_WARN_EMPTY_BODY = YES;
				CLANG_WARN_ENUM_CONVERSION = YES;
				CLANG_WARN_INFINITE_RECURSION = YES;
				CLANG_WARN_INT_CONVERSION = YES;
				CLANG_WARN_NON_LITERAL_NULL_CONVERSION = YES;
				CLANG_WARN_OBJC_IMPLICIT_RETAIN_SELF = YES;
				CLANG_WARN_OBJC_LITERAL_CONVERSION = YES;
				CLANG_WARN_OBJC_ROOT_CLASS = YES_ERROR;
				CLANG_WARN_QUOTED_INCLUDE_IN_FRAMEWORK_HEADER = YES;
				CLANG_WARN_RANGE_LOOP_ANALYSIS = YES;
				CLANG_WARN_STRICT_PROTOTYPES = YES;
				CLANG_WARN_SUSPICIOUS_MOVE = YES;
				CLANG_WARN_UNGUARDED_AVAILABILITY = YES_AGGRESSIVE;
				CLANG_WARN_UNREACHABLE_CODE = YES;
				CLANG_WARN__DUPLICATE_METHOD_MATCH = YES;
				COPY_PHASE_STRIP = NO;
				DEBUG_INFORMATION_FORMAT = "dwarf-with-dsym";
				ENABLE_NS_ASSERTIONS = NO;
				ENABLE_STRICT_OBJC_MSGSEND = YES;
				GCC_C_LANGUAGE_STANDARD = gnu11;
				GCC_NO_COMMON_BLOCKS = YES;
				GCC_WARN_64_TO_32_BIT_CONVERSION = YES;
				GCC_WARN_ABOUT_RETURN_TYPE = YES_ERROR;
				GCC_WARN_UNDECLARED_SELECTOR = YES;
				GCC_WARN_UNINITIALIZED_AUTOS = YES_AGGRESSIVE;
				GCC_WARN_UNUSED_FUNCTION = YES;
				GCC_WARN_UNUSED_VARIABLE = YES;
				IPHONEOS_DEPLOYMENT_TARGET = 14.0;
				MTL_ENABLE_DEBUG_INFO = NO;
				MTL_FAST_MATH = YES;
				SDKROOT = iphoneos;
				VALIDATE_PRODUCT = YES;
			};
			name = Release;
		};
		243F9C13254A8674002F52A6 /* Debug */ = {
			isa = XCBuildConfiguration;
			baseConfigurationReference = 181B138813F28461324BFB10 /* Pods-bnk-sales-support.debug.xcconfig */;
			buildSettings = {
				ASSETCATALOG_COMPILER_APPICON_NAME = AppIcon;
				ASSETCATALOG_COMPILER_GLOBAL_ACCENT_COLOR_NAME = AccentColor;
				CODE_SIGN_STYLE = Manual;
				DEVELOPMENT_TEAM = "";
				GCC_PREFIX_HEADER = "$(SRCROOT)/$(PROJECT_NAME)/bnk-sales-support-Prefix.pch";
				INFOPLIST_FILE = "bnk-sales-support/Info.plist";
				IPHONEOS_DEPLOYMENT_TARGET = 9.0;
				LD_RUNPATH_SEARCH_PATHS = (
					"$(inherited)",
					"@executable_path/Frameworks",
				);
				PRODUCT_BUNDLE_IDENTIFIER = "com.ximon.bnk-sales-support";
				PRODUCT_NAME = "$(TARGET_NAME)";
				PROVISIONING_PROFILE_SPECIFIER = "";
				TARGETED_DEVICE_FAMILY = 1;
			};
			name = Debug;
		};
		243F9C14254A8674002F52A6 /* Release */ = {
			isa = XCBuildConfiguration;
			baseConfigurationReference = B3F725E94013FF4DFA4F149D /* Pods-bnk-sales-support.release.xcconfig */;
			buildSettings = {
				ASSETCATALOG_COMPILER_APPICON_NAME = AppIcon;
				ASSETCATALOG_COMPILER_GLOBAL_ACCENT_COLOR_NAME = AccentColor;
				CODE_SIGN_STYLE = Manual;
				DEVELOPMENT_TEAM = "";
				GCC_PREFIX_HEADER = "$(SRCROOT)/$(PROJECT_NAME)/bnk-sales-support-Prefix.pch";
				INFOPLIST_FILE = "bnk-sales-support/Info.plist";
				IPHONEOS_DEPLOYMENT_TARGET = 9.0;
				LD_RUNPATH_SEARCH_PATHS = (
					"$(inherited)",
					"@executable_path/Frameworks",
				);
				PRODUCT_BUNDLE_IDENTIFIER = "com.ximon.bnk-sales-support";
				PRODUCT_NAME = "$(TARGET_NAME)";
				PROVISIONING_PROFILE_SPECIFIER = "";
				TARGETED_DEVICE_FAMILY = 1;
			};
			name = Release;
		};
/* End XCBuildConfiguration section */

/* Begin XCConfigurationList section */
		243F9BF1254A8672002F52A6 /* Build configuration list for PBXProject "bnk-sales-support" */ = {
			isa = XCConfigurationList;
			buildConfigurations = (
				243F9C10254A8674002F52A6 /* Debug */,
				243F9C11254A8674002F52A6 /* Release */,
			);
			defaultConfigurationIsVisible = 0;
			defaultConfigurationName = Release;
		};
		243F9C12254A8674002F52A6 /* Build configuration list for PBXNativeTarget "bnk-sales-support" */ = {
			isa = XCConfigurationList;
			buildConfigurations = (
				243F9C13254A8674002F52A6 /* Debug */,
				243F9C14254A8674002F52A6 /* Release */,
			);
			defaultConfigurationIsVisible = 0;
			defaultConfigurationName = Release;
		};
/* End XCConfigurationList section */

/* Begin XCVersionGroup section */
		243F9C05254A8672002F52A6 /* bnk_sales_support.xcdatamodeld */ = {
			isa = XCVersionGroup;
			children = (
				243F9C06254A8672002F52A6 /* bnk_sales_support.xcdatamodel */,
			);
			currentVersion = 243F9C06254A8672002F52A6 /* bnk_sales_support.xcdatamodel */;
			path = bnk_sales_support.xcdatamodeld;
			sourceTree = "<group>";
			versionGroupType = wrapper.xcdatamodel;
		};
/* End XCVersionGroup section */
	};
	rootObject = 243F9BEE254A8672002F52A6 /* Project object */;
}
