// !$*UTF8*$!
{
	archiveVersion = 1;
	classes = {
	};
	objectVersion = 51;
	objects = {

/* Begin PBXBuildFile section */
		2417D1B725513CA80083AAF3 /* SideMenuViewController.m in Sources */ = {isa = PBXBuildFile; fileRef = 2417D1B525513CA80083AAF3 /* SideMenuViewController.m */; };
		2417D1B825513CA80083AAF3 /* SideMenuViewController.xib in Resources */ = {isa = PBXBuildFile; fileRef = 2417D1B625513CA80083AAF3 /* SideMenuViewController.xib */; };
		2433F1EF2552284E00A61946 /* SideMenuContentCell.m in Sources */ = {isa = PBXBuildFile; fileRef = 2433F1ED2552284E00A61946 /* SideMenuContentCell.m */; };
		2433F1F02552284E00A61946 /* SideMenuContentCell.xib in Resources */ = {isa = PBXBuildFile; fileRef = 2433F1EE2552284E00A61946 /* SideMenuContentCell.xib */; };
		243F9BFB254A8672002F52A6 /* AppDelegate.m in Sources */ = {isa = PBXBuildFile; fileRef = 243F9BFA254A8672002F52A6 /* AppDelegate.m */; };
		243F9C01254A8672002F52A6 /* ViewController.m in Sources */ = {isa = PBXBuildFile; fileRef = 243F9C00254A8672002F52A6 /* ViewController.m */; };
		243F9C04254A8672002F52A6 /* Main.storyboard in Resources */ = {isa = PBXBuildFile; fileRef = 243F9C02254A8672002F52A6 /* Main.storyboard */; };
		243F9C07254A8672002F52A6 /* bnk_sales_support.xcdatamodeld in Sources */ = {isa = PBXBuildFile; fileRef = 243F9C05254A8672002F52A6 /* bnk_sales_support.xcdatamodeld */; };
		243F9C09254A8674002F52A6 /* Assets.xcassets in Resources */ = {isa = PBXBuildFile; fileRef = 243F9C08254A8674002F52A6 /* Assets.xcassets */; };
		243F9C0C254A8674002F52A6 /* LaunchScreen.storyboard in Resources */ = {isa = PBXBuildFile; fileRef = 243F9C0A254A8674002F52A6 /* LaunchScreen.storyboard */; };
		243F9C0F254A8674002F52A6 /* main.m in Sources */ = {isa = PBXBuildFile; fileRef = 243F9C0E254A8674002F52A6 /* main.m */; };
		243F9C20254A9511002F52A6 /* WebViewController.m in Sources */ = {isa = PBXBuildFile; fileRef = 243F9C1E254A9511002F52A6 /* WebViewController.m */; };
		243F9C21254A9511002F52A6 /* WebViewController.xib in Resources */ = {isa = PBXBuildFile; fileRef = 243F9C1F254A9511002F52A6 /* WebViewController.xib */; };
		247D255C254AA04C00100997 /* IntroViewController.m in Sources */ = {isa = PBXBuildFile; fileRef = 247D255A254AA04C00100997 /* IntroViewController.m */; };
		247D255D254AA04C00100997 /* IntroViewController.xib in Resources */ = {isa = PBXBuildFile; fileRef = 247D255B254AA04C00100997 /* IntroViewController.xib */; };
		247D2565254AA1AD00100997 /* TestViewController.m in Sources */ = {isa = PBXBuildFile; fileRef = 247D2563254AA1AD00100997 /* TestViewController.m */; };
		247D2566254AA1AD00100997 /* TestViewController.xib in Resources */ = {isa = PBXBuildFile; fileRef = 247D2564254AA1AD00100997 /* TestViewController.xib */; };
		24BE34F8254FEA750072CFED /* NetworkManager.m in Sources */ = {isa = PBXBuildFile; fileRef = 24BE34F7254FEA750072CFED /* NetworkManager.m */; };
		24BE34FC254FF9170072CFED /* CommonUtil.m in Sources */ = {isa = PBXBuildFile; fileRef = 24BE34FB254FF9170072CFED /* CommonUtil.m */; };
		7D2637C501872722B6E52EED /* Pods_bnk_sales_support.framework in Frameworks */ = {isa = PBXBuildFile; fileRef = 31F9293D9503A3DB19911005 /* Pods_bnk_sales_support.framework */; };
/* End PBXBuildFile section */

/* Begin PBXFileReference section */
		181B138813F28461324BFB10 /* Pods-bnk-sales-support.debug.xcconfig */ = {isa = PBXFileReference; includeInIndex = 1; lastKnownFileType = text.xcconfig; name = "Pods-bnk-sales-support.debug.xcconfig"; path = "Target Support Files/Pods-bnk-sales-support/Pods-bnk-sales-support.debug.xcconfig"; sourceTree = "<group>"; };
		2417D1B425513CA80083AAF3 /* SideMenuViewController.h */ = {isa = PBXFileReference; lastKnownFileType = sourcecode.c.h; path = SideMenuViewController.h; sourceTree = "<group>"; };
		2417D1B525513CA80083AAF3 /* SideMenuViewController.m */ = {isa = PBXFileReference; lastKnownFileType = sourcecode.c.objc; path = SideMenuViewController.m; sourceTree = "<group>"; };
		2417D1B625513CA80083AAF3 /* SideMenuViewController.xib */ = {isa = PBXFileReference; lastKnownFileType = file.xib; path = SideMenuViewController.xib; sourceTree = "<group>"; };
		2433F1EC2552284E00A61946 /* SideMenuContentCell.h */ = {isa = PBXFileReference; lastKnownFileType = sourcecode.c.h; path = SideMenuContentCell.h; sourceTree = "<group>"; };
		2433F1ED2552284E00A61946 /* SideMenuContentCell.m */ = {isa = PBXFileReference; lastKnownFileType = sourcecode.c.objc; path = SideMenuContentCell.m; sourceTree = "<group>"; };
		2433F1EE2552284E00A61946 /* SideMenuContentCell.xib */ = {isa = PBXFileReference; lastKnownFileType = file.xib; path = SideMenuContentCell.xib; sourceTree = "<group>"; };
		243F9BF6254A8672002F52A6 /* bnk-sales-support.app */ = {isa = PBXFileReference; explicitFileType = wrapper.application; includeInIndex = 0; path = "bnk-sales-support.app"; sourceTree = BUILT_PRODUCTS_DIR; };
		243F9BF9254A8672002F52A6 /* AppDelegate.h */ = {isa = PBXFileReference; lastKnownFileType = sourcecode.c.h; path = AppDelegate.h; sourceTree = "<group>"; };
		243F9BFA254A8672002F52A6 /* AppDelegate.m */ = {isa = PBXFileReference; lastKnownFileType = sourcecode.c.objc; path = AppDelegate.m; sourceTree = "<group>"; };
		243F9BFF254A8672002F52A6 /* ViewController.h */ = {isa = PBXFileReference; lastKnownFileType = sourcecode.c.h; path = ViewController.h; sourceTree = "<group>"; };
		243F9C00254A8672002F52A6 /* ViewController.m */ = {isa = PBXFileReference; lastKnownFileType = sourcecode.c.objc; path = ViewController.m; sourceTree = "<group>"; };
		243F9C03254A8672002F52A6 /* Base */ = {isa = PBXFileReference; lastKnownFileType = file.storyboard; name = Base; path = Base.lproj/Main.storyboard; sourceTree = "<group>"; };
		243F9C06254A8672002F52A6 /* bnk_sales_support.xcdatamodel */ = {isa = PBXFileReference; lastKnownFileType = wrapper.xcdatamodel; path = bnk_sales_support.xcdatamodel; sourceTree = "<group>"; };
		243F9C08254A8674002F52A6 /* Assets.xcassets */ = {isa = PBXFileReference; lastKnownFileType = folder.assetcatalog; path = Assets.xcassets; sourceTree = "<group>"; };
		243F9C0B254A8674002F52A6 /* Base */ = {isa = PBXFileReference; lastKnownFileType = file.storyboard; name = Base; path = Base.lproj/LaunchScreen.storyboard; sourceTree = "<group>"; };
		243F9C0D254A8674002F52A6 /* Info.plist */ = {isa = PBXFileReference; lastKnownFileType = text.plist.xml; path = Info.plist; sourceTree = "<group>"; };
		243F9C0E254A8674002F52A6 /* main.m */ = {isa = PBXFileReference; lastKnownFileType = sourcecode.c.objc; path = main.m; sourceTree = "<group>"; };
		243F9C1D254A9511002F52A6 /* WebViewController.h */ = {isa = PBXFileReference; lastKnownFileType = sourcecode.c.h; path = WebViewController.h; sourceTree = "<group>"; };
		243F9C1E254A9511002F52A6 /* WebViewController.m */ = {isa = PBXFileReference; lastKnownFileType = sourcecode.c.objc; path = WebViewController.m; sourceTree = "<group>"; };
		243F9C1F254A9511002F52A6 /* WebViewController.xib */ = {isa = PBXFileReference; lastKnownFileType = file.xib; path = WebViewController.xib; sourceTree = "<group>"; };
		247D2559254AA04C00100997 /* IntroViewController.h */ = {isa = PBXFileReference; lastKnownFileType = sourcecode.c.h; path = IntroViewController.h; sourceTree = "<group>"; };
		247D255A254AA04C00100997 /* IntroViewController.m */ = {isa = PBXFileReference; lastKnownFileType = sourcecode.c.objc; path = IntroViewController.m; sourceTree = "<group>"; };
		247D255B254AA04C00100997 /* IntroViewController.xib */ = {isa = PBXFileReference; lastKnownFileType = file.xib; path = IntroViewController.xib; sourceTree = "<group>"; };
		247D2562254AA1AD00100997 /* TestViewController.h */ = {isa = PBXFileReference; lastKnownFileType = sourcecode.c.h; path = TestViewController.h; sourceTree = "<group>"; };
		247D2563254AA1AD00100997 /* TestViewController.m */ = {isa = PBXFileReference; lastKnownFileType = sourcecode.c.objc; path = TestViewController.m; sourceTree = "<group>"; };
		247D2564254AA1AD00100997 /* TestViewController.xib */ = {isa = PBXFileReference; lastKnownFileType = file.xib; path = TestViewController.xib; sourceTree = "<group>"; };
		247D256A254ABA9100100997 /* bnk-sales-support-Prefix.pch */ = {isa = PBXFileReference; lastKnownFileType = sourcecode.c.h; path = "bnk-sales-support-Prefix.pch"; sourceTree = "<group>"; };
		24BE34F6254FEA750072CFED /* NetworkManager.h */ = {isa = PBXFileReference; lastKnownFileType = sourcecode.c.h; path = NetworkManager.h; sourceTree = "<group>"; };
		24BE34F7254FEA750072CFED /* NetworkManager.m */ = {isa = PBXFileReference; lastKnownFileType = sourcecode.c.objc; path = NetworkManager.m; sourceTree = "<group>"; };
		24BE34FA254FF9170072CFED /* CommonUtil.h */ = {isa = PBXFileReference; lastKnownFileType = sourcecode.c.h; path = CommonUtil.h; sourceTree = "<group>"; };
		24BE34FB254FF9170072CFED /* CommonUtil.m */ = {isa = PBXFileReference; lastKnownFileType = sourcecode.c.objc; path = CommonUtil.m; sourceTree = "<group>"; };
		31F9293D9503A3DB19911005 /* Pods_bnk_sales_support.framework */ = {isa = PBXFileReference; explicitFileType = wrapper.framework; includeInIndex = 0; path = Pods_bnk_sales_support.framework; sourceTree = BUILT_PRODUCTS_DIR; };
		B3F725E94013FF4DFA4F149D /* Pods-bnk-sales-support.release.xcconfig */ = {isa = PBXFileReference; includeInIndex = 1; lastKnownFileType = text.xcconfig; name = "Pods-bnk-sales-support.release.xcconfig"; path = "Target Support Files/Pods-bnk-sales-support/Pods-bnk-sales-support.release.xcconfig"; sourceTree = "<group>"; };
/* End PBXFileReference section */

/* Begin PBXFrameworksBuildPhase section */
		243F9BF3254A8672002F52A6 /* Frameworks */ = {
			isa = PBXFrameworksBuildPhase;
			buildActionMask = 2147483647;
			files = (
				7D2637C501872722B6E52EED /* Pods_bnk_sales_support.framework in Frameworks */,
			);
			runOnlyForDeploymentPostprocessing = 0;
		};
/* End PBXFrameworksBuildPhase section */

/* Begin PBXGroup section */
		0FAC80EC6EF303A724EE24F6 /* Frameworks */ = {
			isa = PBXGroup;
			children = (
				31F9293D9503A3DB19911005 /* Pods_bnk_sales_support.framework */,
			);
			name = Frameworks;
			sourceTree = "<group>";
		};
		1874400E5F442F83CC29C080 /* Pods */ = {
			isa = PBXGroup;
			children = (
				181B138813F28461324BFB10 /* Pods-bnk-sales-support.debug.xcconfig */,
				B3F725E94013FF4DFA4F149D /* Pods-bnk-sales-support.release.xcconfig */,
			);
			path = Pods;
			sourceTree = "<group>";
		};
		2417D1B325513C880083AAF3 /* SideMenu */ = {
			isa = PBXGroup;
			children = (
				2417D1BC25513E0A0083AAF3 /* Cell */,
				2417D1B425513CA80083AAF3 /* SideMenuViewController.h */,
				2417D1B525513CA80083AAF3 /* SideMenuViewController.m */,
				2417D1B625513CA80083AAF3 /* SideMenuViewController.xib */,
			);
			path = SideMenu;
			sourceTree = "<group>";
		};
		2417D1BC25513E0A0083AAF3 /* Cell */ = {
			isa = PBXGroup;
			children = (
				2433F1EC2552284E00A61946 /* SideMenuContentCell.h */,
				2433F1ED2552284E00A61946 /* SideMenuContentCell.m */,
				2433F1EE2552284E00A61946 /* SideMenuContentCell.xib */,
			);
			path = Cell;
			sourceTree = "<group>";
		};
		243F9BED254A8672002F52A6 = {
			isa = PBXGroup;
			children = (
				243F9BF8254A8672002F52A6 /* bnk-sales-support */,
				243F9BF7254A8672002F52A6 /* Products */,
				1874400E5F442F83CC29C080 /* Pods */,
				0FAC80EC6EF303A724EE24F6 /* Frameworks */,
			);
			sourceTree = "<group>";
		};
		243F9BF7254A8672002F52A6 /* Products */ = {
			isa = PBXGroup;
			children = (
				243F9BF6254A8672002F52A6 /* bnk-sales-support.app */,
			);
			name = Products;
			sourceTree = "<group>";
		};
		243F9BF8254A8672002F52A6 /* bnk-sales-support */ = {
			isa = PBXGroup;
			children = (
				243F9C1C254A8B80002F52A6 /* Network */,
				243F9C1B254A8B73002F52A6 /* Utils */,
				243F9C1A254A8B67002F52A6 /* ViewModels */,
				243F9C19254A8B42002F52A6 /* Views */,
				243F9C18254A8B35002F52A6 /* Models */,
				243F9BF9254A8672002F52A6 /* AppDelegate.h */,
				243F9BFA254A8672002F52A6 /* AppDelegate.m */,
				243F9C02254A8672002F52A6 /* Main.storyboard */,
				243F9C08254A8674002F52A6 /* Assets.xcassets */,
				243F9C0A254A8674002F52A6 /* LaunchScreen.storyboard */,
				243F9C0D254A8674002F52A6 /* Info.plist */,
				247D256A254ABA9100100997 /* bnk-sales-support-Prefix.pch */,
				243F9C0E254A8674002F52A6 /* main.m */,
				243F9C05254A8672002F52A6 /* bnk_sales_support.xcdatamodeld */,
			);
			path = "bnk-sales-support";
			sourceTree = "<group>";
		};
		243F9C18254A8B35002F52A6 /* Models */ = {
			isa = PBXGroup;
			children = (
			);
			path = Models;
			sourceTree = "<group>";
		};
		243F9C19254A8B42002F52A6 /* Views */ = {
			isa = PBXGroup;
			children = (
				2417D1B325513C880083AAF3 /* SideMenu */,
				247D2561254AA19E00100997 /* Test */,
				243F9BFF254A8672002F52A6 /* ViewController.h */,
				243F9C00254A8672002F52A6 /* ViewController.m */,
				247D2560254AA05700100997 /* Login */,
				247D2558254AA03A00100997 /* Intro */,
				247D2557254AA02F00100997 /* WebView */,
			);
			path = Views;
			sourceTree = "<group>";
		};
		243F9C1A254A8B67002F52A6 /* ViewModels */ = {
			isa = PBXGroup;
			children = (
			);
			path = ViewModels;
			sourceTree = "<group>";
		};
		243F9C1B254A8B73002F52A6 /* Utils */ = {
			isa = PBXGroup;
			children = (
				24BE34FA254FF9170072CFED /* CommonUtil.h */,
				24BE34FB254FF9170072CFED /* CommonUtil.m */,
			);
			path = Utils;
			sourceTree = "<group>";
		};
		243F9C1C254A8B80002F52A6 /* Network */ = {
			isa = PBXGroup;
			children = (
				24BE34F6254FEA750072CFED /* NetworkManager.h */,
				24BE34F7254FEA750072CFED /* NetworkManager.m */,
			);
			path = Network;
			sourceTree = "<group>";
		};
		247D2557254AA02F00100997 /* WebView */ = {
			isa = PBXGroup;
			children = (
				243F9C1D254A9511002F52A6 /* WebViewController.h */,
				243F9C1E254A9511002F52A6 /* WebViewController.m */,
				243F9C1F254A9511002F52A6 /* WebViewController.xib */,
			);
			path = WebView;
			sourceTree = "<group>";
		};
		247D2558254AA03A00100997 /* Intro */ = {
			isa = PBXGroup;
			children = (
				247D2559254AA04C00100997 /* IntroViewController.h */,
				247D255A254AA04C00100997 /* IntroViewController.m */,
				247D255B254AA04C00100997 /* IntroViewController.xib */,
			);
			path = Intro;
			sourceTree = "<group>";
		};
		247D2560254AA05700100997 /* Login */ = {
			isa = PBXGroup;
			children = (
			);
			path = Login;
			sourceTree = "<group>";
		};
		247D2561254AA19E00100997 /* Test */ = {
			isa = PBXGroup;
			children = (
				247D2562254AA1AD00100997 /* TestViewController.h */,
				247D2563254AA1AD00100997 /* TestViewController.m */,
				247D2564254AA1AD00100997 /* TestViewController.xib */,
			);
			path = Test;
			sourceTree = "<group>";
		};
/* End PBXGroup section */

/* Begin PBXNativeTarget section */
		243F9BF5254A8672002F52A6 /* bnk-sales-support */ = {
			isa = PBXNativeTarget;
			buildConfigurationList = 243F9C12254A8674002F52A6 /* Build configuration list for PBXNativeTarget "bnk-sales-support" */;
			buildPhases = (
				8775239643F18970A0F731D8 /* [CP] Check Pods Manifest.lock */,
				243F9BF2254A8672002F52A6 /* Sources */,
				243F9BF3254A8672002F52A6 /* Frameworks */,
				243F9BF4254A8672002F52A6 /* Resources */,
				FA12FB744E223A7024A95C0A /* [CP] Embed Pods Frameworks */,
			);
			buildRules = (
			);
			dependencies = (
			);
			name = "bnk-sales-support";
			productName = "bnk-sales-support";
			productReference = 243F9BF6254A8672002F52A6 /* bnk-sales-support.app */;
			productType = "com.apple.product-type.application";
		};
/* End PBXNativeTarget section */

/* Begin PBXProject section */
		243F9BEE254A8672002F52A6 /* Project object */ = {
			isa = PBXProject;
			attributes = {
				LastUpgradeCheck = 1200;
				TargetAttributes = {
					243F9BF5254A8672002F52A6 = {
						CreatedOnToolsVersion = 12.0;
					};
				};
			};
			buildConfigurationList = 243F9BF1254A8672002F52A6 /* Build configuration list for PBXProject "bnk-sales-support" */;
			compatibilityVersion = "Xcode 9.3";
			developmentRegion = en;
			hasScannedForEncodings = 0;
			knownRegions = (
				en,
				Base,
			);
			mainGroup = 243F9BED254A8672002F52A6;
			productRefGroup = 243F9BF7254A8672002F52A6 /* Products */;
			projectDirPath = "";
			projectRoot = "";
			targets = (
				243F9BF5254A8672002F52A6 /* bnk-sales-support */,
			);
		};
/* End PBXProject section */

/* Begin PBXResourcesBuildPhase section */
		243F9BF4254A8672002F52A6 /* Resources */ = {
			isa = PBXResourcesBuildPhase;
			buildActionMask = 2147483647;
			files = (
				243F9C0C254A8674002F52A6 /* LaunchScreen.storyboard in Resources */,
				247D255D254AA04C00100997 /* IntroViewController.xib in Resources */,
				243F9C09254A8674002F52A6 /* Assets.xcassets in Resources */,
				2417D1B825513CA80083AAF3 /* SideMenuViewController.xib in Resources */,
				243F9C04254A8672002F52A6 /* Main.storyboard in Resources */,
				2433F1F02552284E00A61946 /* SideMenuContentCell.xib in Resources */,
				247D2566254AA1AD00100997 /* TestViewController.xib in Resources */,
				243F9C21254A9511002F52A6 /* WebViewController.xib in Resources */,
			);
			runOnlyForDeploymentPostprocessing = 0;
		};
/* End PBXResourcesBuildPhase section */

/* Begin PBXShellScriptBuildPhase section */
		8775239643F18970A0F731D8 /* [CP] Check Pods Manifest.lock */ = {
			isa = PBXShellScriptBuildPhase;
			buildActionMask = 2147483647;
			files = (
			);
			inputFileListPaths = (
			);
			inputPaths = (
				"${PODS_PODFILE_DIR_PATH}/Podfile.lock",
				"${PODS_ROOT}/Manifest.lock",
			);
			name = "[CP] Check Pods Manifest.lock";
			outputFileListPaths = (
			);
			outputPaths = (
				"$(DERIVED_FILE_DIR)/Pods-bnk-sales-support-checkManifestLockResult.txt",
			);
			runOnlyForDeploymentPostprocessing = 0;
			shellPath = /bin/sh;
			shellScript = "diff \"${PODS_PODFILE_DIR_PATH}/Podfile.lock\" \"${PODS_ROOT}/Manifest.lock\" > /dev/null\nif [ $? != 0 ] ; then\n    # print error to STDERR\n    echo \"error: The sandbox is not in sync with the Podfile.lock. Run 'pod install' or update your CocoaPods installation.\" >&2\n    exit 1\nfi\n# This output is used by Xcode 'outputs' to avoid re-running this script phase.\necho \"SUCCESS\" > \"${SCRIPT_OUTPUT_FILE_0}\"\n";
			showEnvVarsInLog = 0;
		};
		FA12FB744E223A7024A95C0A /* [CP] Embed Pods Frameworks */ = {
			isa = PBXShellScriptBuildPhase;
			buildActionMask = 2147483647;
			files = (
			);
			inputFileListPaths = (
				"${PODS_ROOT}/Target Support Files/Pods-bnk-sales-support/Pods-bnk-sales-support-frameworks-${CONFIGURATION}-input-files.xcfilelist",
			);
			name = "[CP] Embed Pods Frameworks";
			outputFileListPaths = (
				"${PODS_ROOT}/Target Support Files/Pods-bnk-sales-support/Pods-bnk-sales-support-frameworks-${CONFIGURATION}-output-files.xcfilelist",
			);
			runOnlyForDeploymentPostprocessing = 0;
			shellPath = /bin/sh;
			shellScript = "\"${PODS_ROOT}/Target Support Files/Pods-bnk-sales-support/Pods-bnk-sales-support-frameworks.sh\"\n";
			showEnvVarsInLog = 0;
		};
/* End PBXShellScriptBuildPhase section */

/* Begin PBXSourcesBuildPhase section */
		243F9BF2254A8672002F52A6 /* Sources */ = {
			isa = PBXSourcesBuildPhase;
			buildActionMask = 2147483647;
			files = (
				2417D1B725513CA80083AAF3 /* SideMenuViewController.m in Sources */,
				24BE34F8254FEA750072CFED /* NetworkManager.m in Sources */,
				243F9C0F254A8674002F52A6 /* main.m in Sources */,
				2433F1EF2552284E00A61946 /* SideMenuContentCell.m in Sources */,
				247D255C254AA04C00100997 /* IntroViewController.m in Sources */,
				247D2565254AA1AD00100997 /* TestViewController.m in Sources */,
				24BE34FC254FF9170072CFED /* CommonUtil.m in Sources */,
				243F9C20254A9511002F52A6 /* WebViewController.m in Sources */,
				243F9C07254A8672002F52A6 /* bnk_sales_support.xcdatamodeld in Sources */,
				243F9C01254A8672002F52A6 /* ViewController.m in Sources */,
				243F9BFB254A8672002F52A6 /* AppDelegate.m in Sources */,
			);
			runOnlyForDeploymentPostprocessing = 0;
		};
/* End PBXSourcesBuildPhase section */

/* Begin PBXVariantGroup section */
		243F9C02254A8672002F52A6 /* Main.storyboard */ = {
			isa = PBXVariantGroup;
			children = (
				243F9C03254A8672002F52A6 /* Base */,
			);
			name = Main.storyboard;
			sourceTree = "<group>";
		};
		243F9C0A254A8674002F52A6 /* LaunchScreen.storyboard */ = {
			isa = PBXVariantGroup;
			children = (
				243F9C0B254A8674002F52A6 /* Base */,
			);
			name = LaunchScreen.storyboard;
			sourceTree = "<group>";
		};
/* End PBXVariantGroup section */

/* Begin XCBuildConfiguration section */
		243F9C10254A8674002F52A6 /* Debug */ = {
			isa = XCBuildConfiguration;
			buildSettings = {
				ALWAYS_SEARCH_USER_PATHS = NO;
				CLANG_ANALYZER_NONNULL = YES;
				CLANG_ANALYZER_NUMBER_OBJECT_CONVERSION = YES_AGGRESSIVE;
				CLANG_CXX_LANGUAGE_STANDARD = "gnu++14";
				CLANG_CXX_LIBRARY = "libc++";
				CLANG_ENABLE_MODULES = YES;
				CLANG_ENABLE_OBJC_ARC = YES;
				CLANG_ENABLE_OBJC_WEAK = YES;
				CLANG_WARN_BLOCK_CAPTURE_AUTORELEASING = YES;
				CLANG_WARN_BOOL_CONVERSION = YES;
				CLANG_WARN_COMMA = YES;
				CLANG_WARN_CONSTANT_CONVERSION = YES;
				CLANG_WARN_DEPRECATED_OBJC_IMPLEMENTATIONS = YES;
				CLANG_WARN_DIRECT_OBJC_ISA_USAGE = YES_ERROR;
				CLANG_WARN_DOCUMENTATION_COMMENTS = YES;
				CLANG_WARN_EMPTY_BODY = YES;
				CLANG_WARN_ENUM_CONVERSION = YES;
				CLANG_WARN_INFINITE_RECURSION = YES;
				CLANG_WARN_INT_CONVERSION = YES;
				CLANG_WARN_NON_LITERAL_NULL_CONVERSION = YES;
				CLANG_WARN_OBJC_IMPLICIT_RETAIN_SELF = YES;
				CLANG_WARN_OBJC_LITERAL_CONVERSION = YES;
				CLANG_WARN_OBJC_ROOT_CLASS = YES_ERROR;
				CLANG_WARN_QUOTED_INCLUDE_IN_FRAMEWORK_HEADER = YES;
				CLANG_WARN_RANGE_LOOP_ANALYSIS = YES;
				CLANG_WARN_STRICT_PROTOTYPES = YES;
				CLANG_WARN_SUSPICIOUS_MOVE = YES;
				CLANG_WARN_UNGUARDED_AVAILABILITY = YES_AGGRESSIVE;
				CLANG_WARN_UNREACHABLE_CODE = YES;
				CLANG_WARN__DUPLICATE_METHOD_MATCH = YES;
				COPY_PHASE_STRIP = NO;
				DEBUG_INFORMATION_FORMAT = dwarf;
				ENABLE_STRICT_OBJC_MSGSEND = YES;
				ENABLE_TESTABILITY = YES;
				GCC_C_LANGUAGE_STANDARD = gnu11;
				GCC_DYNAMIC_NO_PIC = NO;
				GCC_NO_COMMON_BLOCKS = YES;
				GCC_OPTIMIZATION_LEVEL = 0;
				GCC_PREPROCESSOR_DEFINITIONS = (
					"DEBUG=1",
					"$(inherited)",
				);
				GCC_WARN_64_TO_32_BIT_CONVERSION = YES;
				GCC_WARN_ABOUT_RETURN_TYPE = YES_ERROR;
				GCC_WARN_UNDECLARED_SELECTOR = YES;
				GCC_WARN_UNINITIALIZED_AUTOS = YES_AGGRESSIVE;
				GCC_WARN_UNUSED_FUNCTION = YES;
				GCC_WARN_UNUSED_VARIABLE = YES;
				IPHONEOS_DEPLOYMENT_TARGET = 14.0;
				MTL_ENABLE_DEBUG_INFO = INCLUDE_SOURCE;
				MTL_FAST_MATH = YES;
				ONLY_ACTIVE_ARCH = YES;
				SDKROOT = iphoneos;
			};
			name = Debug;
		};
		243F9C11254A8674002F52A6 /* Release */ = {
			isa = XCBuildConfiguration;
			buildSettings = {
				ALWAYS_SEARCH_USER_PATHS = NO;
				CLANG_ANALYZER_NONNULL = YES;
				CLANG_ANALYZER_NUMBER_OBJECT_CONVERSION = YES_AGGRESSIVE;
				CLANG_CXX_LANGUAGE_STANDARD = "gnu++14";
				CLANG_CXX_LIBRARY = "libc++";
				CLANG_ENABLE_MODULES = YES;
				CLANG_ENABLE_OBJC_ARC = YES;
				CLANG_ENABLE_OBJC_WEAK = YES;
				CLANG_WARN_BLOCK_CAPTURE_AUTORELEASING = YES;
				CLANG_WARN_BOOL_CONVERSION = YES;
				CLANG_WARN_COMMA = YES;
				CLANG_WARN_CONSTANT_CONVERSION = YES;
				CLANG_WARN_DEPRECATED_OBJC_IMPLEMENTATIONS = YES;
				CLANG_WARN_DIRECT_OBJC_ISA_USAGE = YES_ERROR;
				CLANG_WARN_DOCUMENTATION_COMMENTS = YES;
				CLANG_WARN_EMPTY_BODY = YES;
				CLANG_WARN_ENUM_CONVERSION = YES;
				CLANG_WARN_INFINITE_RECURSION = YES;
				CLANG_WARN_INT_CONVERSION = YES;
				CLANG_WARN_NON_LITERAL_NULL_CONVERSION = YES;
				CLANG_WARN_OBJC_IMPLICIT_RETAIN_SELF = YES;
				CLANG_WARN_OBJC_LITERAL_CONVERSION = YES;
				CLANG_WARN_OBJC_ROOT_CLASS = YES_ERROR;
				CLANG_WARN_QUOTED_INCLUDE_IN_FRAMEWORK_HEADER = YES;
				CLANG_WARN_RANGE_LOOP_ANALYSIS = YES;
				CLANG_WARN_STRICT_PROTOTYPES = YES;
				CLANG_WARN_SUSPICIOUS_MOVE = YES;
				CLANG_WARN_UNGUARDED_AVAILABILITY = YES_AGGRESSIVE;
				CLANG_WARN_UNREACHABLE_CODE = YES;
				CLANG_WARN__DUPLICATE_METHOD_MATCH = YES;
				COPY_PHASE_STRIP = NO;
				DEBUG_INFORMATION_FORMAT = "dwarf-with-dsym";
				ENABLE_NS_ASSERTIONS = NO;
				ENABLE_STRICT_OBJC_MSGSEND = YES;
				GCC_C_LANGUAGE_STANDARD = gnu11;
				GCC_NO_COMMON_BLOCKS = YES;
				GCC_WARN_64_TO_32_BIT_CONVERSION = YES;
				GCC_WARN_ABOUT_RETURN_TYPE = YES_ERROR;
				GCC_WARN_UNDECLARED_SELECTOR = YES;
				GCC_WARN_UNINITIALIZED_AUTOS = YES_AGGRESSIVE;
				GCC_WARN_UNUSED_FUNCTION = YES;
				GCC_WARN_UNUSED_VARIABLE = YES;
				IPHONEOS_DEPLOYMENT_TARGET = 14.0;
				MTL_ENABLE_DEBUG_INFO = NO;
				MTL_FAST_MATH = YES;
				SDKROOT = iphoneos;
				VALIDATE_PRODUCT = YES;
			};
			name = Release;
		};
		243F9C13254A8674002F52A6 /* Debug */ = {
			isa = XCBuildConfiguration;
			baseConfigurationReference = 181B138813F28461324BFB10 /* Pods-bnk-sales-support.debug.xcconfig */;
			buildSettings = {
				ASSETCATALOG_COMPILER_APPICON_NAME = AppIcon;
				ASSETCATALOG_COMPILER_GLOBAL_ACCENT_COLOR_NAME = AccentColor;
				CODE_SIGN_STYLE = Automatic;
				GCC_PREFIX_HEADER = "$(SRCROOT)/$(PROJECT_NAME)/bnk-sales-support-Prefix.pch";
				INFOPLIST_FILE = "bnk-sales-support/Info.plist";
				IPHONEOS_DEPLOYMENT_TARGET = 11.0;
				LD_RUNPATH_SEARCH_PATHS = (
					"$(inherited)",
					"@executable_path/Frameworks",
				);
				PRODUCT_BUNDLE_IDENTIFIER = "com.ximon.bnk-sales-support";
				PRODUCT_NAME = "$(TARGET_NAME)";
				TARGETED_DEVICE_FAMILY = 1;
			};
			name = Debug;
		};
		243F9C14254A8674002F52A6 /* Release */ = {
			isa = XCBuildConfiguration;
			baseConfigurationReference = B3F725E94013FF4DFA4F149D /* Pods-bnk-sales-support.release.xcconfig */;
			buildSettings = {
				ASSETCATALOG_COMPILER_APPICON_NAME = AppIcon;
				ASSETCATALOG_COMPILER_GLOBAL_ACCENT_COLOR_NAME = AccentColor;
				CODE_SIGN_STYLE = Automatic;
				GCC_PREFIX_HEADER = "$(SRCROOT)/$(PROJECT_NAME)/bnk-sales-support-Prefix.pch";
				INFOPLIST_FILE = "bnk-sales-support/Info.plist";
				IPHONEOS_DEPLOYMENT_TARGET = 11.0;
				LD_RUNPATH_SEARCH_PATHS = (
					"$(inherited)",
					"@executable_path/Frameworks",
				);
				PRODUCT_BUNDLE_IDENTIFIER = "com.ximon.bnk-sales-support";
				PRODUCT_NAME = "$(TARGET_NAME)";
				TARGETED_DEVICE_FAMILY = 1;
			};
			name = Release;
		};
/* End XCBuildConfiguration section */

/* Begin XCConfigurationList section */
		243F9BF1254A8672002F52A6 /* Build configuration list for PBXProject "bnk-sales-support" */ = {
			isa = XCConfigurationList;
			buildConfigurations = (
				243F9C10254A8674002F52A6 /* Debug */,
				243F9C11254A8674002F52A6 /* Release */,
			);
			defaultConfigurationIsVisible = 0;
			defaultConfigurationName = Release;
		};
		243F9C12254A8674002F52A6 /* Build configuration list for PBXNativeTarget "bnk-sales-support" */ = {
			isa = XCConfigurationList;
			buildConfigurations = (
				243F9C13254A8674002F52A6 /* Debug */,
				243F9C14254A8674002F52A6 /* Release */,
			);
			defaultConfigurationIsVisible = 0;
			defaultConfigurationName = Release;
		};
/* End XCConfigurationList section */

/* Begin XCVersionGroup section */
		243F9C05254A8672002F52A6 /* bnk_sales_support.xcdatamodeld */ = {
			isa = XCVersionGroup;
			children = (
				243F9C06254A8672002F52A6 /* bnk_sales_support.xcdatamodel */,
			);
			currentVersion = 243F9C06254A8672002F52A6 /* bnk_sales_support.xcdatamodel */;
			path = bnk_sales_support.xcdatamodeld;
			sourceTree = "<group>";
			versionGroupType = wrapper.xcdatamodel;
		};
/* End XCVersionGroup section */
	};
	rootObject = 243F9BEE254A8672002F52A6 /* Project object */;
}
